PODS:
  - iOSSnapshotTestCase (8.0.0):
    - iOSSnapshotTestCase/SwiftSupport (= 8.0.0)
  - iOSSnapshotTestCase/Core (8.0.0)
  - iOSSnapshotTestCase/SwiftSupport (8.0.0):
    - iOSSnapshotTestCase/Core
  - Nimble (11.2.1)
  - Nimble-Snapshots (9.5.1):
    - Nimble-Snapshots/Core (= 9.5.1)
  - Nimble-Snapshots/Core (9.5.1):
    - iOSSnapshotTestCase (~> 8.0)
    - Nimble (~> 11.0)
  - Quick (6.1.0)
  - SwiftGen (6.6.2)
  - SwiftLint (0.50.3)

DEPENDENCIES:
  - Nimble
  - Nimble-Snapshots
  - Quick
  - SwiftGen (~> 6.0)
  - SwiftLint

SPEC REPOS:
  trunk:
    - iOSSnapshotTestCase
    - Nimble
    - Nimble-Snapshots
    - Quick
    - SwiftGen
    - SwiftLint

SPEC CHECKSUMS:
  iOSSnapshotTestCase: a670511f9ee3829c2b9c23e6e68f315fd7b6790f
  Nimble: 516ac503a0fafaa8e41dbb4a70a61be421fa893a
  Nimble-Snapshots: ffa513489b87160d95b09e9158c9cb2bf70e00a4
  Quick: 6676ffb409bf04abba2ff23902af2407bfc6ac90
  SwiftGen: 1366a7f71aeef49954ca5a63ba4bef6b0f24138c
  SwiftLint: 77f7cb2b9bb81ab4a12fcc86448ba3f11afa50c6

PODFILE CHECKSUM: febe1acee6ee3b25c525e16e4eb4c9cf19da6600

COCOAPODS: 1.11.3
