// !$*UTF8*$!
{
	archiveVersion = 1;
	classes = {
	};
	objectVersion = 56;
	objects = {

/* Begin PBXBuildFile section */
		563242BB74E7F986120D5D67 /* Pods_RickMorty.framework in Frameworks */ = {isa = PBXBuildFile; fileRef = B2AFF926CAC4FF63B3CCFE14 /* Pods_RickMorty.framework */; };
		C5D09B772996DC6C00294178 /* AppDelegate.swift in Sources */ = {isa = PBXBuildFile; fileRef = C5D09B762996DC6C00294178 /* AppDelegate.swift */; };
		C5D09B792996DC6C00294178 /* SceneDelegate.swift in Sources */ = {isa = PBXBuildFile; fileRef = C5D09B782996DC6C00294178 /* SceneDelegate.swift */; };
		C5D09B7B2996DC6C00294178 /* ViewController.swift in Sources */ = {isa = PBXBuildFile; fileRef = C5D09B7A2996DC6C00294178 /* ViewController.swift */; };
		C5D09B7E2996DC6C00294178 /* Main.storyboard in Resources */ = {isa = PBXBuildFile; fileRef = C5D09B7C2996DC6C00294178 /* Main.storyboard */; };
		C5D09B802996DC6E00294178 /* Assets.xcassets in Resources */ = {isa = PBXBuildFile; fileRef = C5D09B7F2996DC6E00294178 /* Assets.xcassets */; };
		C5D09B832996DC6E00294178 /* LaunchScreen.storyboard in Resources */ = {isa = PBXBuildFile; fileRef = C5D09B812996DC6E00294178 /* LaunchScreen.storyboard */; };
		C5D09B90299AD7A000294178 /* LocalizableStrings.strings in Sources */ = {isa = PBXBuildFile; fileRef = C5D09B8F299AD7A000294178 /* LocalizableStrings.strings */; };
		C5D09B92299AD81F00294178 /* Strings.swift in Sources */ = {isa = PBXBuildFile; fileRef = C5D09B91299AD81F00294178 /* Strings.swift */; };
		C5D09B94299AD8B500294178 /* Assets.swift in Sources */ = {isa = PBXBuildFile; fileRef = C5D09B93299AD8B500294178 /* Assets.swift */; };
/* End PBXBuildFile section */

/* Begin PBXFileReference section */
		453700C0DA8C4247323AEA70 /* Pods-RickMorty.debug.xcconfig */ = {isa = PBXFileReference; includeInIndex = 1; lastKnownFileType = text.xcconfig; name = "Pods-RickMorty.debug.xcconfig"; path = "Target Support Files/Pods-RickMorty/Pods-RickMorty.debug.xcconfig"; sourceTree = "<group>"; };
		8DFBBA2C88AF41B3EE0C30E3 /* Pods-RickMorty.release.xcconfig */ = {isa = PBXFileReference; includeInIndex = 1; lastKnownFileType = text.xcconfig; name = "Pods-RickMorty.release.xcconfig"; path = "Target Support Files/Pods-RickMorty/Pods-RickMorty.release.xcconfig"; sourceTree = "<group>"; };
		B2AFF926CAC4FF63B3CCFE14 /* Pods_RickMorty.framework */ = {isa = PBXFileReference; explicitFileType = wrapper.framework; includeInIndex = 0; path = Pods_RickMorty.framework; sourceTree = BUILT_PRODUCTS_DIR; };
		C5D09B732996DC6C00294178 /* RickMorty.app */ = {isa = PBXFileReference; explicitFileType = wrapper.application; includeInIndex = 0; path = RickMorty.app; sourceTree = BUILT_PRODUCTS_DIR; };
		C5D09B762996DC6C00294178 /* AppDelegate.swift */ = {isa = PBXFileReference; lastKnownFileType = sourcecode.swift; path = AppDelegate.swift; sourceTree = "<group>"; };
		C5D09B782996DC6C00294178 /* SceneDelegate.swift */ = {isa = PBXFileReference; lastKnownFileType = sourcecode.swift; path = SceneDelegate.swift; sourceTree = "<group>"; };
		C5D09B7A2996DC6C00294178 /* ViewController.swift */ = {isa = PBXFileReference; lastKnownFileType = sourcecode.swift; path = ViewController.swift; sourceTree = "<group>"; };
		C5D09B7D2996DC6C00294178 /* Base */ = {isa = PBXFileReference; lastKnownFileType = file.storyboard; name = Base; path = Base.lproj/Main.storyboard; sourceTree = "<group>"; };
		C5D09B7F2996DC6E00294178 /* Assets.xcassets */ = {isa = PBXFileReference; lastKnownFileType = folder.assetcatalog; path = Assets.xcassets; sourceTree = "<group>"; };
		C5D09B822996DC6E00294178 /* Base */ = {isa = PBXFileReference; lastKnownFileType = file.storyboard; name = Base; path = Base.lproj/LaunchScreen.storyboard; sourceTree = "<group>"; };
		C5D09B842996DC6E00294178 /* Info.plist */ = {isa = PBXFileReference; lastKnownFileType = text.plist.xml; path = Info.plist; sourceTree = "<group>"; };
		C5D09B8F299AD7A000294178 /* LocalizableStrings.strings */ = {isa = PBXFileReference; lastKnownFileType = text.plist.strings; path = LocalizableStrings.strings; sourceTree = "<group>"; };
		C5D09B91299AD81F00294178 /* Strings.swift */ = {isa = PBXFileReference; lastKnownFileType = sourcecode.swift; path = Strings.swift; sourceTree = "<group>"; };
		C5D09B93299AD8B500294178 /* Assets.swift */ = {isa = PBXFileReference; lastKnownFileType = sourcecode.swift; path = Assets.swift; sourceTree = "<group>"; };
/* End PBXFileReference section */

/* Begin PBXFrameworksBuildPhase section */
		C5D09B702996DC6C00294178 /* Frameworks */ = {
			isa = PBXFrameworksBuildPhase;
			buildActionMask = 2147483647;
			files = (
				563242BB74E7F986120D5D67 /* Pods_RickMorty.framework in Frameworks */,
			);
			runOnlyForDeploymentPostprocessing = 0;
		};
/* End PBXFrameworksBuildPhase section */

/* Begin PBXGroup section */
		A90A5274A55543BC7A017FCF /* Frameworks */ = {
			isa = PBXGroup;
			children = (
				B2AFF926CAC4FF63B3CCFE14 /* Pods_RickMorty.framework */,
			);
			name = Frameworks;
			sourceTree = "<group>";
		};
		C5D09B6A2996DC6C00294178 = {
			isa = PBXGroup;
			children = (
				C5D09B752996DC6C00294178 /* RickMorty */,
				C5D09B742996DC6C00294178 /* Products */,
				D677998DD6865A3BCA2D5C29 /* Pods */,
				A90A5274A55543BC7A017FCF /* Frameworks */,
			);
			sourceTree = "<group>";
		};
		C5D09B742996DC6C00294178 /* Products */ = {
			isa = PBXGroup;
			children = (
				C5D09B732996DC6C00294178 /* RickMorty.app */,
			);
			name = Products;
			sourceTree = "<group>";
		};
		C5D09B752996DC6C00294178 /* RickMorty */ = {
			isa = PBXGroup;
			children = (
				C5D09B8C299AD6F900294178 /* Helpers */,
				C5D09B762996DC6C00294178 /* AppDelegate.swift */,
				C5D09B782996DC6C00294178 /* SceneDelegate.swift */,
				C5D09B7A2996DC6C00294178 /* ViewController.swift */,
				C5D09B7C2996DC6C00294178 /* Main.storyboard */,
				C5D09B7F2996DC6E00294178 /* Assets.xcassets */,
				C5D09B812996DC6E00294178 /* LaunchScreen.storyboard */,
				C5D09B842996DC6E00294178 /* Info.plist */,
			);
			path = RickMorty;
			sourceTree = "<group>";
		};
		C5D09B8C299AD6F900294178 /* Helpers */ = {
			isa = PBXGroup;
			children = (
				C5D09B8F299AD7A000294178 /* LocalizableStrings.strings */,
				C5D09B91299AD81F00294178 /* Strings.swift */,
				C5D09B93299AD8B500294178 /* Assets.swift */,
			);
			path = Helpers;
			sourceTree = "<group>";
		};
		D677998DD6865A3BCA2D5C29 /* Pods */ = {
			isa = PBXGroup;
			children = (
				453700C0DA8C4247323AEA70 /* Pods-RickMorty.debug.xcconfig */,
				8DFBBA2C88AF41B3EE0C30E3 /* Pods-RickMorty.release.xcconfig */,
			);
			path = Pods;
			sourceTree = "<group>";
		};
/* End PBXGroup section */

/* Begin PBXNativeTarget section */
		C5D09B722996DC6C00294178 /* RickMorty */ = {
			isa = PBXNativeTarget;
			buildConfigurationList = C5D09B872996DC6E00294178 /* Build configuration list for PBXNativeTarget "RickMorty" */;
			buildPhases = (
				83BCEAD1A5AB05C5E3A385DB /* [CP] Check Pods Manifest.lock */,
				C5D09B6F2996DC6C00294178 /* Sources */,
				C5D09B702996DC6C00294178 /* Frameworks */,
				C5D09B712996DC6C00294178 /* Resources */,
				A843133280D4F6DF720EC716 /* [CP] Embed Pods Frameworks */,
				C5D09B8A2996EA4900294178 /* SwiftLint */,
				C5D09B8B2996EBCF00294178 /* SwiftGen */,
			);
			buildRules = (
			);
			dependencies = (
			);
			name = RickMorty;
			productName = RickMorty;
			productReference = C5D09B732996DC6C00294178 /* RickMorty.app */;
			productType = "com.apple.product-type.application";
		};
/* End PBXNativeTarget section */

/* Begin PBXProject section */
		C5D09B6B2996DC6C00294178 /* Project object */ = {
			isa = PBXProject;
			attributes = {
				BuildIndependentTargetsInParallel = 1;
				LastSwiftUpdateCheck = 1420;
				LastUpgradeCheck = 1420;
				TargetAttributes = {
					C5D09B722996DC6C00294178 = {
						CreatedOnToolsVersion = 14.2;
					};
				};
			};
			buildConfigurationList = C5D09B6E2996DC6C00294178 /* Build configuration list for PBXProject "RickMorty" */;
			compatibilityVersion = "Xcode 14.0";
			developmentRegion = en;
			hasScannedForEncodings = 0;
			knownRegions = (
				en,
				Base,
			);
			mainGroup = C5D09B6A2996DC6C00294178;
			productRefGroup = C5D09B742996DC6C00294178 /* Products */;
			projectDirPath = "";
			projectRoot = "";
			targets = (
				C5D09B722996DC6C00294178 /* RickMorty */,
			);
		};
/* End PBXProject section */

/* Begin PBXResourcesBuildPhase section */
		C5D09B712996DC6C00294178 /* Resources */ = {
			isa = PBXResourcesBuildPhase;
			buildActionMask = 2147483647;
			files = (
				C5D09B832996DC6E00294178 /* LaunchScreen.storyboard in Resources */,
				C5D09B802996DC6E00294178 /* Assets.xcassets in Resources */,
				C5D09B7E2996DC6C00294178 /* Main.storyboard in Resources */,
			);
			runOnlyForDeploymentPostprocessing = 0;
		};
/* End PBXResourcesBuildPhase section */

/* Begin PBXShellScriptBuildPhase section */
		83BCEAD1A5AB05C5E3A385DB /* [CP] Check Pods Manifest.lock */ = {
			isa = PBXShellScriptBuildPhase;
			buildActionMask = 2147483647;
			files = (
			);
			inputFileListPaths = (
			);
			inputPaths = (
				"${PODS_PODFILE_DIR_PATH}/Podfile.lock",
				"${PODS_ROOT}/Manifest.lock",
			);
			name = "[CP] Check Pods Manifest.lock";
			outputFileListPaths = (
			);
			outputPaths = (
				"$(DERIVED_FILE_DIR)/Pods-RickMorty-checkManifestLockResult.txt",
			);
			runOnlyForDeploymentPostprocessing = 0;
			shellPath = /bin/sh;
			shellScript = "diff \"${PODS_PODFILE_DIR_PATH}/Podfile.lock\" \"${PODS_ROOT}/Manifest.lock\" > /dev/null\nif [ $? != 0 ] ; then\n    # print error to STDERR\n    echo \"error: The sandbox is not in sync with the Podfile.lock. Run 'pod install' or update your CocoaPods installation.\" >&2\n    exit 1\nfi\n# This output is used by Xcode 'outputs' to avoid re-running this script phase.\necho \"SUCCESS\" > \"${SCRIPT_OUTPUT_FILE_0}\"\n";
			showEnvVarsInLog = 0;
		};
		A843133280D4F6DF720EC716 /* [CP] Embed Pods Frameworks */ = {
			isa = PBXShellScriptBuildPhase;
			buildActionMask = 2147483647;
			files = (
			);
			inputFileListPaths = (
				"${PODS_ROOT}/Target Support Files/Pods-RickMorty/Pods-RickMorty-frameworks-${CONFIGURATION}-input-files.xcfilelist",
			);
			name = "[CP] Embed Pods Frameworks";
			outputFileListPaths = (
				"${PODS_ROOT}/Target Support Files/Pods-RickMorty/Pods-RickMorty-frameworks-${CONFIGURATION}-output-files.xcfilelist",
			);
			runOnlyForDeploymentPostprocessing = 0;
			shellPath = /bin/sh;
			shellScript = "\"${PODS_ROOT}/Target Support Files/Pods-RickMorty/Pods-RickMorty-frameworks.sh\"\n";
			showEnvVarsInLog = 0;
		};
		C5D09B8A2996EA4900294178 /* SwiftLint */ = {
			isa = PBXShellScriptBuildPhase;
			buildActionMask = 2147483647;
			files = (
			);
			inputFileListPaths = (
			);
			inputPaths = (
			);
			name = SwiftLint;
			outputFileListPaths = (
			);
			outputPaths = (
			);
			runOnlyForDeploymentPostprocessing = 0;
			shellPath = /bin/sh;
			shellScript = "if which swiftlint >/dev/null; then\nswiftlint\nelse\necho \"warning: SwiftLint not installed, download from https://github.com/realm/SwiftLint\"\nfi\n";
		};
		C5D09B8B2996EBCF00294178 /* SwiftGen */ = {
			isa = PBXShellScriptBuildPhase;
			buildActionMask = 2147483647;
			files = (
			);
			inputFileListPaths = (
			);
			inputPaths = (
			);
			name = SwiftGen;
			outputFileListPaths = (
			);
			outputPaths = (
			);
			runOnlyForDeploymentPostprocessing = 0;
			shellPath = /bin/sh;
			shellScript = "if [[ -f \"${PODS_ROOT}/SwiftGen/bin/swiftgen\" ]]; then\n  \"${PODS_ROOT}/SwiftGen/bin/swiftgen\" …\nelse\n  echo \"warning: SwiftGen is not installed. Run 'pod install --repo-update' to install it.\"\nfi\n";
		};
/* End PBXShellScriptBuildPhase section */

/* Begin PBXSourcesBuildPhase section */
		C5D09B6F2996DC6C00294178 /* Sources */ = {
			isa = PBXSourcesBuildPhase;
			buildActionMask = 2147483647;
			files = (
				C5D09B7B2996DC6C00294178 /* ViewController.swift in Sources */,
				C5D09B772996DC6C00294178 /* AppDelegate.swift in Sources */,
				C5D09B94299AD8B500294178 /* Assets.swift in Sources */,
				C5D09B92299AD81F00294178 /* Strings.swift in Sources */,
				C5D09B792996DC6C00294178 /* SceneDelegate.swift in Sources */,
				C5D09B90299AD7A000294178 /* LocalizableStrings.strings in Sources */,
			);
			runOnlyForDeploymentPostprocessing = 0;
		};
/* End PBXSourcesBuildPhase section */

/* Begin PBXVariantGroup section */
		C5D09B7C2996DC6C00294178 /* Main.storyboard */ = {
			isa = PBXVariantGroup;
			children = (
				C5D09B7D2996DC6C00294178 /* Base */,
			);
			name = Main.storyboard;
			sourceTree = "<group>";
		};
		C5D09B812996DC6E00294178 /* LaunchScreen.storyboard */ = {
			isa = PBXVariantGroup;
			children = (
				C5D09B822996DC6E00294178 /* Base */,
			);
			name = LaunchScreen.storyboard;
			sourceTree = "<group>";
		};
/* End PBXVariantGroup section */

/* Begin XCBuildConfiguration section */
		C5D09B852996DC6E00294178 /* Debug */ = {
			isa = XCBuildConfiguration;
			buildSettings = {
				ALWAYS_SEARCH_USER_PATHS = NO;
				CLANG_ANALYZER_NONNULL = YES;
				CLANG_ANALYZER_NUMBER_OBJECT_CONVERSION = YES_AGGRESSIVE;
				CLANG_CXX_LANGUAGE_STANDARD = "gnu++20";
				CLANG_ENABLE_MODULES = YES;
				CLANG_ENABLE_OBJC_ARC = YES;
				CLANG_ENABLE_OBJC_WEAK = YES;
				CLANG_WARN_BLOCK_CAPTURE_AUTORELEASING = YES;
				CLANG_WARN_BOOL_CONVERSION = YES;
				CLANG_WARN_COMMA = YES;
				CLANG_WARN_CONSTANT_CONVERSION = YES;
				CLANG_WARN_DEPRECATED_OBJC_IMPLEMENTATIONS = YES;
				CLANG_WARN_DIRECT_OBJC_ISA_USAGE = YES_ERROR;
				CLANG_WARN_DOCUMENTATION_COMMENTS = YES;
				CLANG_WARN_EMPTY_BODY = YES;
				CLANG_WARN_ENUM_CONVERSION = YES;
				CLANG_WARN_INFINITE_RECURSION = YES;
				CLANG_WARN_INT_CONVERSION = YES;
				CLANG_WARN_NON_LITERAL_NULL_CONVERSION = YES;
				CLANG_WARN_OBJC_IMPLICIT_RETAIN_SELF = YES;
				CLANG_WARN_OBJC_LITERAL_CONVERSION = YES;
				CLANG_WARN_OBJC_ROOT_CLASS = YES_ERROR;
				CLANG_WARN_QUOTED_INCLUDE_IN_FRAMEWORK_HEADER = YES;
				CLANG_WARN_RANGE_LOOP_ANALYSIS = YES;
				CLANG_WARN_STRICT_PROTOTYPES = YES;
				CLANG_WARN_SUSPICIOUS_MOVE = YES;
				CLANG_WARN_UNGUARDED_AVAILABILITY = YES_AGGRESSIVE;
				CLANG_WARN_UNREACHABLE_CODE = YES;
				CLANG_WARN__DUPLICATE_METHOD_MATCH = YES;
				COPY_PHASE_STRIP = NO;
				DEBUG_INFORMATION_FORMAT = dwarf;
				ENABLE_STRICT_OBJC_MSGSEND = YES;
				ENABLE_TESTABILITY = YES;
				GCC_C_LANGUAGE_STANDARD = gnu11;
				GCC_DYNAMIC_NO_PIC = NO;
				GCC_NO_COMMON_BLOCKS = YES;
				GCC_OPTIMIZATION_LEVEL = 0;
				GCC_PREPROCESSOR_DEFINITIONS = (
					"DEBUG=1",
					"$(inherited)",
				);
				GCC_WARN_64_TO_32_BIT_CONVERSION = YES;
				GCC_WARN_ABOUT_RETURN_TYPE = YES_ERROR;
				GCC_WARN_UNDECLARED_SELECTOR = YES;
				GCC_WARN_UNINITIALIZED_AUTOS = YES_AGGRESSIVE;
				GCC_WARN_UNUSED_FUNCTION = YES;
				GCC_WARN_UNUSED_VARIABLE = YES;
				IPHONEOS_DEPLOYMENT_TARGET = 16.2;
				MTL_ENABLE_DEBUG_INFO = INCLUDE_SOURCE;
				MTL_FAST_MATH = YES;
				ONLY_ACTIVE_ARCH = YES;
				SDKROOT = iphoneos;
				SWIFT_ACTIVE_COMPILATION_CONDITIONS = DEBUG;
				SWIFT_OPTIMIZATION_LEVEL = "-Onone";
			};
			name = Debug;
		};
		C5D09B862996DC6E00294178 /* Release */ = {
			isa = XCBuildConfiguration;
			buildSettings = {
				ALWAYS_SEARCH_USER_PATHS = NO;
				CLANG_ANALYZER_NONNULL = YES;
				CLANG_ANALYZER_NUMBER_OBJECT_CONVERSION = YES_AGGRESSIVE;
				CLANG_CXX_LANGUAGE_STANDARD = "gnu++20";
				CLANG_ENABLE_MODULES = YES;
				CLANG_ENABLE_OBJC_ARC = YES;
				CLANG_ENABLE_OBJC_WEAK = YES;
				CLANG_WARN_BLOCK_CAPTURE_AUTORELEASING = YES;
				CLANG_WARN_BOOL_CONVERSION = YES;
				CLANG_WARN_COMMA = YES;
				CLANG_WARN_CONSTANT_CONVERSION = YES;
				CLANG_WARN_DEPRECATED_OBJC_IMPLEMENTATIONS = YES;
				CLANG_WARN_DIRECT_OBJC_ISA_USAGE = YES_ERROR;
				CLANG_WARN_DOCUMENTATION_COMMENTS = YES;
				CLANG_WARN_EMPTY_BODY = YES;
				CLANG_WARN_ENUM_CONVERSION = YES;
				CLANG_WARN_INFINITE_RECURSION = YES;
				CLANG_WARN_INT_CONVERSION = YES;
				CLANG_WARN_NON_LITERAL_NULL_CONVERSION = YES;
				CLANG_WARN_OBJC_IMPLICIT_RETAIN_SELF = YES;
				CLANG_WARN_OBJC_LITERAL_CONVERSION = YES;
				CLANG_WARN_OBJC_ROOT_CLASS = YES_ERROR;
				CLANG_WARN_QUOTED_INCLUDE_IN_FRAMEWORK_HEADER = YES;
				CLANG_WARN_RANGE_LOOP_ANALYSIS = YES;
				CLANG_WARN_STRICT_PROTOTYPES = YES;
				CLANG_WARN_SUSPICIOUS_MOVE = YES;
				CLANG_WARN_UNGUARDED_AVAILABILITY = YES_AGGRESSIVE;
				CLANG_WARN_UNREACHABLE_CODE = YES;
				CLANG_WARN__DUPLICATE_METHOD_MATCH = YES;
				COPY_PHASE_STRIP = NO;
				DEBUG_INFORMATION_FORMAT = "dwarf-with-dsym";
				ENABLE_NS_ASSERTIONS = NO;
				ENABLE_STRICT_OBJC_MSGSEND = YES;
				GCC_C_LANGUAGE_STANDARD = gnu11;
				GCC_NO_COMMON_BLOCKS = YES;
				GCC_WARN_64_TO_32_BIT_CONVERSION = YES;
				GCC_WARN_ABOUT_RETURN_TYPE = YES_ERROR;
				GCC_WARN_UNDECLARED_SELECTOR = YES;
				GCC_WARN_UNINITIALIZED_AUTOS = YES_AGGRESSIVE;
				GCC_WARN_UNUSED_FUNCTION = YES;
				GCC_WARN_UNUSED_VARIABLE = YES;
				IPHONEOS_DEPLOYMENT_TARGET = 16.2;
				MTL_ENABLE_DEBUG_INFO = NO;
				MTL_FAST_MATH = YES;
				SDKROOT = iphoneos;
				SWIFT_COMPILATION_MODE = wholemodule;
				SWIFT_OPTIMIZATION_LEVEL = "-O";
				VALIDATE_PRODUCT = YES;
			};
			name = Release;
		};
		C5D09B882996DC6E00294178 /* Debug */ = {
			isa = XCBuildConfiguration;
			baseConfigurationReference = 453700C0DA8C4247323AEA70 /* Pods-RickMorty.debug.xcconfig */;
			buildSettings = {
				ASSETCATALOG_COMPILER_APPICON_NAME = AppIcon;
				ASSETCATALOG_COMPILER_GLOBAL_ACCENT_COLOR_NAME = AccentColor;
				CODE_SIGN_STYLE = Automatic;
				CURRENT_PROJECT_VERSION = 1;
				DEVELOPMENT_TEAM = N37W993B25;
				GENERATE_INFOPLIST_FILE = YES;
				INFOPLIST_FILE = RickMorty/Info.plist;
				INFOPLIST_KEY_UIApplicationSupportsIndirectInputEvents = YES;
				INFOPLIST_KEY_UILaunchStoryboardName = LaunchScreen;
				INFOPLIST_KEY_UIMainStoryboardFile = Main;
				INFOPLIST_KEY_UISupportedInterfaceOrientations_iPad = "UIInterfaceOrientationPortrait UIInterfaceOrientationPortraitUpsideDown UIInterfaceOrientationLandscapeLeft UIInterfaceOrientationLandscapeRight";
				INFOPLIST_KEY_UISupportedInterfaceOrientations_iPhone = "UIInterfaceOrientationPortrait UIInterfaceOrientationLandscapeLeft UIInterfaceOrientationLandscapeRight";
				LD_RUNPATH_SEARCH_PATHS = (
					"$(inherited)",
					"@executable_path/Frameworks",
				);
				MARKETING_VERSION = 1.0;
				PRODUCT_BUNDLE_IDENTIFIER = com.paolaciarcia.RickMorty;
				PRODUCT_NAME = "$(TARGET_NAME)";
				SWIFT_EMIT_LOC_STRINGS = YES;
				SWIFT_VERSION = 5.0;
				TARGETED_DEVICE_FAMILY = "1,2";
			};
			name = Debug;
		};
		C5D09B892996DC6E00294178 /* Release */ = {
			isa = XCBuildConfiguration;
			baseConfigurationReference = 8DFBBA2C88AF41B3EE0C30E3 /* Pods-RickMorty.release.xcconfig */;
			buildSettings = {
				ASSETCATALOG_COMPILER_APPICON_NAME = AppIcon;
				ASSETCATALOG_COMPILER_GLOBAL_ACCENT_COLOR_NAME = AccentColor;
				CODE_SIGN_STYLE = Automatic;
				CURRENT_PROJECT_VERSION = 1;
				DEVELOPMENT_TEAM = N37W993B25;
				GENERATE_INFOPLIST_FILE = YES;
				INFOPLIST_FILE = RickMorty/Info.plist;
				INFOPLIST_KEY_UIApplicationSupportsIndirectInputEvents = YES;
				INFOPLIST_KEY_UILaunchStoryboardName = LaunchScreen;
				INFOPLIST_KEY_UIMainStoryboardFile = Main;
				INFOPLIST_KEY_UISupportedInterfaceOrientations_iPad = "UIInterfaceOrientationPortrait UIInterfaceOrientationPortraitUpsideDown UIInterfaceOrientationLandscapeLeft UIInterfaceOrientationLandscapeRight";
				INFOPLIST_KEY_UISupportedInterfaceOrientations_iPhone = "UIInterfaceOrientationPortrait UIInterfaceOrientationLandscapeLeft UIInterfaceOrientationLandscapeRight";
				LD_RUNPATH_SEARCH_PATHS = (
					"$(inherited)",
					"@executable_path/Frameworks",
				);
				MARKETING_VERSION = 1.0;
				PRODUCT_BUNDLE_IDENTIFIER = com.paolaciarcia.RickMorty;
				PRODUCT_NAME = "$(TARGET_NAME)";
				SWIFT_EMIT_LOC_STRINGS = YES;
				SWIFT_VERSION = 5.0;
				TARGETED_DEVICE_FAMILY = "1,2";
			};
			name = Release;
		};
/* End XCBuildConfiguration section */

/* Begin XCConfigurationList section */
		C5D09B6E2996DC6C00294178 /* Build configuration list for PBXProject "RickMorty" */ = {
			isa = XCConfigurationList;
			buildConfigurations = (
				C5D09B852996DC6E00294178 /* Debug */,
				C5D09B862996DC6E00294178 /* Release */,
			);
			defaultConfigurationIsVisible = 0;
			defaultConfigurationName = Release;
		};
		C5D09B872996DC6E00294178 /* Build configuration list for PBXNativeTarget "RickMorty" */ = {
			isa = XCConfigurationList;
			buildConfigurations = (
				C5D09B882996DC6E00294178 /* Debug */,
				C5D09B892996DC6E00294178 /* Release */,
			);
			defaultConfigurationIsVisible = 0;
			defaultConfigurationName = Release;
		};
/* End XCConfigurationList section */
	};
	rootObject = C5D09B6B2996DC6C00294178 /* Project object */;
}
