// !$*UTF8*$!
{
	archiveVersion = 1;
	classes = {
	};
	objectVersion = 56;
	objects = {

/* Begin PBXBuildFile section */
		3E28FF69C007EBF1D99396B9 /* Pods_RickMortyTests.framework in Frameworks */ = {isa = PBXBuildFile; fileRef = 451573F39A8F624B2085323A /* Pods_RickMortyTests.framework */; };
		563242BB74E7F986120D5D67 /* Pods_RickMorty.framework in Frameworks */ = {isa = PBXBuildFile; fileRef = B2AFF926CAC4FF63B3CCFE14 /* Pods_RickMorty.framework */; };
		C529DE4929B64BEE00AC8B9A /* AvatarDataSource.swift in Sources */ = {isa = PBXBuildFile; fileRef = C529DE4829B64BEE00AC8B9A /* AvatarDataSource.swift */; };
		C529DE4E29B669A300AC8B9A /* AvatarCollectionView.swift in Sources */ = {isa = PBXBuildFile; fileRef = C529DE4D29B669A300AC8B9A /* AvatarCollectionView.swift */; };
		C529DE5029B66A3E00AC8B9A /* AvatarErrorView.swift in Sources */ = {isa = PBXBuildFile; fileRef = C529DE4F29B66A3E00AC8B9A /* AvatarErrorView.swift */; };
		C529DE5229B685B900AC8B9A /* AvatarLoadingView.swift in Sources */ = {isa = PBXBuildFile; fileRef = C529DE5129B685B900AC8B9A /* AvatarLoadingView.swift */; };
		C529DE5729B69A4400AC8B9A /* AvatarListViewTests.swift in Sources */ = {isa = PBXBuildFile; fileRef = C529DE5629B69A4400AC8B9A /* AvatarListViewTests.swift */; };
		C529DE5929B69A5E00AC8B9A /* AvatarErrorViewTests.swift in Sources */ = {isa = PBXBuildFile; fileRef = C529DE5829B69A5E00AC8B9A /* AvatarErrorViewTests.swift */; };
		C529DE5B29B69A7500AC8B9A /* AvatarLoadingViewTests.swift in Sources */ = {isa = PBXBuildFile; fileRef = C529DE5A29B69A7500AC8B9A /* AvatarLoadingViewTests.swift */; };
		C529DE5E29B69ABF00AC8B9A /* AvatarViewCellTests.swift in Sources */ = {isa = PBXBuildFile; fileRef = C529DE5D29B69ABF00AC8B9A /* AvatarViewCellTests.swift */; };
		C529DE6029B69AD800AC8B9A /* AvatarDataSourceTests.swift in Sources */ = {isa = PBXBuildFile; fileRef = C529DE5F29B69AD800AC8B9A /* AvatarDataSourceTests.swift */; };
		C56BF31A29A8F7DD00A95AB1 /* AvatarInformationView.swift in Sources */ = {isa = PBXBuildFile; fileRef = C56BF31929A8F7DD00A95AB1 /* AvatarInformationView.swift */; };
		C56BF31C29A8FC1A00A95AB1 /* Colors.swift in Sources */ = {isa = PBXBuildFile; fileRef = C56BF31B29A8FC1A00A95AB1 /* Colors.swift */; };
		C56BF31E29A8FE7C00A95AB1 /* AvatarDetailView.swift in Sources */ = {isa = PBXBuildFile; fileRef = C56BF31D29A8FE7C00A95AB1 /* AvatarDetailView.swift */; };
		C56BF32229A927C000A95AB1 /* AvatarListProtocol.swift in Sources */ = {isa = PBXBuildFile; fileRef = C56BF32129A927C000A95AB1 /* AvatarListProtocol.swift */; };
		C56BF32529A9280800A95AB1 /* AvatarInformationViewModel.swift in Sources */ = {isa = PBXBuildFile; fileRef = C56BF32429A9280800A95AB1 /* AvatarInformationViewModel.swift */; };
		C56BF33629A9352300A95AB1 /* AvatarInformationViewTests.swift in Sources */ = {isa = PBXBuildFile; fileRef = C56BF33529A9352300A95AB1 /* AvatarInformationViewTests.swift */; };
		C56BF33929A9359100A95AB1 /* AvatarInformationViewModel+Ext.swift in Sources */ = {isa = PBXBuildFile; fileRef = C56BF33829A9359100A95AB1 /* AvatarInformationViewModel+Ext.swift */; };
		C56BF33B29A9587500A95AB1 /* AvatarDetailViewTests.swift in Sources */ = {isa = PBXBuildFile; fileRef = C56BF33A29A9587500A95AB1 /* AvatarDetailViewTests.swift */; };
		C56BF34129B61F1B00A95AB1 /* AvatarViewCell.swift in Sources */ = {isa = PBXBuildFile; fileRef = C56BF34029B61F1A00A95AB1 /* AvatarViewCell.swift */; };
		C56BF34329B62D7200A95AB1 /* AvatarCellViewModel.swift in Sources */ = {isa = PBXBuildFile; fileRef = C56BF34229B62D7100A95AB1 /* AvatarCellViewModel.swift */; };
		C56BF34829B6334300A95AB1 /* GradientAnimationView.swift in Sources */ = {isa = PBXBuildFile; fileRef = C56BF34729B6334300A95AB1 /* GradientAnimationView.swift */; };
		C58A768F29BA7A8500B84279 /* AvatarListViewController.swift in Sources */ = {isa = PBXBuildFile; fileRef = C58A768E29BA7A8500B84279 /* AvatarListViewController.swift */; };
		C58A769229BBA06D00B84279 /* AvatarListRepository.swift in Sources */ = {isa = PBXBuildFile; fileRef = C58A769129BBA06D00B84279 /* AvatarListRepository.swift */; };
		C58A769429BBA07C00B84279 /* AvatarListService.swift in Sources */ = {isa = PBXBuildFile; fileRef = C58A769329BBA07C00B84279 /* AvatarListService.swift */; };
		C58A769629BBA21B00B84279 /* AvatarList.swift in Sources */ = {isa = PBXBuildFile; fileRef = C58A769529BBA21B00B84279 /* AvatarList.swift */; };
		C58A769829BF57F400B84279 /* AvatarListView.swift in Sources */ = {isa = PBXBuildFile; fileRef = C58A769729BF57F400B84279 /* AvatarListView.swift */; };
		C58A769A29BF615300B84279 /* UINavigationController+Ext.swift in Sources */ = {isa = PBXBuildFile; fileRef = C58A769929BF615300B84279 /* UINavigationController+Ext.swift */; };
		C58A769C29BF6BE600B84279 /* AvatarListPresenter.swift in Sources */ = {isa = PBXBuildFile; fileRef = C58A769B29BF6BE600B84279 /* AvatarListPresenter.swift */; };
		C58A769E29BF734200B84279 /* UIImageView+Ext.swift in Sources */ = {isa = PBXBuildFile; fileRef = C58A769D29BF734200B84279 /* UIImageView+Ext.swift */; };
		C58A76A029BFA67F00B84279 /* AvatarListCoordinator.swift in Sources */ = {isa = PBXBuildFile; fileRef = C58A769F29BFA67F00B84279 /* AvatarListCoordinator.swift */; };
		C58A76A629D220A700B84279 /* AvatarCollectionViewTests.swift in Sources */ = {isa = PBXBuildFile; fileRef = C58A76A529D220A700B84279 /* AvatarCollectionViewTests.swift */; };
		C58A76A829D4BA8C00B84279 /* AvatarHeaderReusableView.swift in Sources */ = {isa = PBXBuildFile; fileRef = C58A76A729D4BA8C00B84279 /* AvatarHeaderReusableView.swift */; };
		C58A76AA29D5C4B200B84279 /* Array+Ext.swift in Sources */ = {isa = PBXBuildFile; fileRef = C58A76A929D5C4B200B84279 /* Array+Ext.swift */; };
		C58A76AC29D5C71800B84279 /* AvatarDetailViewController.swift in Sources */ = {isa = PBXBuildFile; fileRef = C58A76AB29D5C71800B84279 /* AvatarDetailViewController.swift */; };
		C58A76AE29D5CA1B00B84279 /* AvatarDetailProtocol.swift in Sources */ = {isa = PBXBuildFile; fileRef = C58A76AD29D5CA1B00B84279 /* AvatarDetailProtocol.swift */; };
		C58A76B029D5CB0200B84279 /* AvatarDetailPresenter.swift in Sources */ = {isa = PBXBuildFile; fileRef = C58A76AF29D5CB0200B84279 /* AvatarDetailPresenter.swift */; };
		C58A76B229D708ED00B84279 /* AvatarEmptyStateView.swift in Sources */ = {isa = PBXBuildFile; fileRef = C58A76B129D708ED00B84279 /* AvatarEmptyStateView.swift */; };
		C58A76F729D7739200B84279 /* AvatarSearchViewModel.swift in Sources */ = {isa = PBXBuildFile; fileRef = C58A76F629D7739200B84279 /* AvatarSearchViewModel.swift */; };
		C58A76F929D775EC00B84279 /* AvatarSearchView.swift in Sources */ = {isa = PBXBuildFile; fileRef = C58A76F829D775EC00B84279 /* AvatarSearchView.swift */; };
		C58A76FD29DB5D8500B84279 /* AvatarSearchViewCell.swift in Sources */ = {isa = PBXBuildFile; fileRef = C58A76FC29DB5D8500B84279 /* AvatarSearchViewCell.swift */; };
		C58A76FF29DB6ECF00B84279 /* AvatarSearchDataSource.swift in Sources */ = {isa = PBXBuildFile; fileRef = C58A76FE29DB6ECF00B84279 /* AvatarSearchDataSource.swift */; };
		C58A770129E4B2DF00B84279 /* AvatarIndicatorReusableView.swift in Sources */ = {isa = PBXBuildFile; fileRef = C58A770029E4B2DF00B84279 /* AvatarIndicatorReusableView.swift */; };
		C58A770329E5AC7600B84279 /* AvatarSearchViewController.swift in Sources */ = {isa = PBXBuildFile; fileRef = C58A770229E5AC7600B84279 /* AvatarSearchViewController.swift */; };
		C58A770529E6004800B84279 /* AvatarSearchProtocol.swift in Sources */ = {isa = PBXBuildFile; fileRef = C58A770429E6004800B84279 /* AvatarSearchProtocol.swift */; };
		C58A770A29E6E8B700B84279 /* AvatarSearchViewCellTests.swift in Sources */ = {isa = PBXBuildFile; fileRef = C58A770929E6E8B700B84279 /* AvatarSearchViewCellTests.swift */; };
		C58A770C29E7390000B84279 /* AvatarSearchPresenter.swift in Sources */ = {isa = PBXBuildFile; fileRef = C58A770B29E7390000B84279 /* AvatarSearchPresenter.swift */; };
		C5B2E52229B77F0C00A6B2AD /* UIView+Ext.swift in Sources */ = {isa = PBXBuildFile; fileRef = C5B2E52129B77F0C00A6B2AD /* UIView+Ext.swift */; };
		C5D09B772996DC6C00294178 /* AppDelegate.swift in Sources */ = {isa = PBXBuildFile; fileRef = C5D09B762996DC6C00294178 /* AppDelegate.swift */; };
		C5D09B792996DC6C00294178 /* SceneDelegate.swift in Sources */ = {isa = PBXBuildFile; fileRef = C5D09B782996DC6C00294178 /* SceneDelegate.swift */; };
		C5D09B7B2996DC6C00294178 /* ViewController.swift in Sources */ = {isa = PBXBuildFile; fileRef = C5D09B7A2996DC6C00294178 /* ViewController.swift */; };
		C5D09B7E2996DC6C00294178 /* Main.storyboard in Resources */ = {isa = PBXBuildFile; fileRef = C5D09B7C2996DC6C00294178 /* Main.storyboard */; };
		C5D09B802996DC6E00294178 /* Assets.xcassets in Resources */ = {isa = PBXBuildFile; fileRef = C5D09B7F2996DC6E00294178 /* Assets.xcassets */; };
		C5D09B832996DC6E00294178 /* LaunchScreen.storyboard in Resources */ = {isa = PBXBuildFile; fileRef = C5D09B812996DC6E00294178 /* LaunchScreen.storyboard */; };
		C5D09B90299AD7A000294178 /* LocalizableStrings.strings in Sources */ = {isa = PBXBuildFile; fileRef = C5D09B8F299AD7A000294178 /* LocalizableStrings.strings */; };
		C5D09B92299AD81F00294178 /* Strings.swift in Sources */ = {isa = PBXBuildFile; fileRef = C5D09B91299AD81F00294178 /* Strings.swift */; };
		C5D09B94299AD8B500294178 /* Assets.swift in Sources */ = {isa = PBXBuildFile; fileRef = C5D09B93299AD8B500294178 /* Assets.swift */; };
/* End PBXBuildFile section */

/* Begin PBXContainerItemProxy section */
		C56BF32E29A934E300A95AB1 /* PBXContainerItemProxy */ = {
			isa = PBXContainerItemProxy;
			containerPortal = C5D09B6B2996DC6C00294178 /* Project object */;
			proxyType = 1;
			remoteGlobalIDString = C5D09B722996DC6C00294178;
			remoteInfo = RickMorty;
		};
/* End PBXContainerItemProxy section */

/* Begin PBXFileReference section */
		096E53BF13259EEA52DD1F89 /* Pods-RickMortyTests.release.xcconfig */ = {isa = PBXFileReference; includeInIndex = 1; lastKnownFileType = text.xcconfig; name = "Pods-RickMortyTests.release.xcconfig"; path = "Target Support Files/Pods-RickMortyTests/Pods-RickMortyTests.release.xcconfig"; sourceTree = "<group>"; };
		451573F39A8F624B2085323A /* Pods_RickMortyTests.framework */ = {isa = PBXFileReference; explicitFileType = wrapper.framework; includeInIndex = 0; path = Pods_RickMortyTests.framework; sourceTree = BUILT_PRODUCTS_DIR; };
		453700C0DA8C4247323AEA70 /* Pods-RickMorty.debug.xcconfig */ = {isa = PBXFileReference; includeInIndex = 1; lastKnownFileType = text.xcconfig; name = "Pods-RickMorty.debug.xcconfig"; path = "Target Support Files/Pods-RickMorty/Pods-RickMorty.debug.xcconfig"; sourceTree = "<group>"; };
		8DFBBA2C88AF41B3EE0C30E3 /* Pods-RickMorty.release.xcconfig */ = {isa = PBXFileReference; includeInIndex = 1; lastKnownFileType = text.xcconfig; name = "Pods-RickMorty.release.xcconfig"; path = "Target Support Files/Pods-RickMorty/Pods-RickMorty.release.xcconfig"; sourceTree = "<group>"; };
		B2AFF926CAC4FF63B3CCFE14 /* Pods_RickMorty.framework */ = {isa = PBXFileReference; explicitFileType = wrapper.framework; includeInIndex = 0; path = Pods_RickMorty.framework; sourceTree = BUILT_PRODUCTS_DIR; };
		C529DE4829B64BEE00AC8B9A /* AvatarDataSource.swift */ = {isa = PBXFileReference; lastKnownFileType = sourcecode.swift; path = AvatarDataSource.swift; sourceTree = "<group>"; };
		C529DE4D29B669A300AC8B9A /* AvatarCollectionView.swift */ = {isa = PBXFileReference; lastKnownFileType = sourcecode.swift; path = AvatarCollectionView.swift; sourceTree = "<group>"; };
		C529DE4F29B66A3E00AC8B9A /* AvatarErrorView.swift */ = {isa = PBXFileReference; lastKnownFileType = sourcecode.swift; path = AvatarErrorView.swift; sourceTree = "<group>"; };
		C529DE5129B685B900AC8B9A /* AvatarLoadingView.swift */ = {isa = PBXFileReference; lastKnownFileType = sourcecode.swift; path = AvatarLoadingView.swift; sourceTree = "<group>"; };
		C529DE5629B69A4400AC8B9A /* AvatarListViewTests.swift */ = {isa = PBXFileReference; lastKnownFileType = sourcecode.swift; path = AvatarListViewTests.swift; sourceTree = "<group>"; };
		C529DE5829B69A5E00AC8B9A /* AvatarErrorViewTests.swift */ = {isa = PBXFileReference; lastKnownFileType = sourcecode.swift; path = AvatarErrorViewTests.swift; sourceTree = "<group>"; };
		C529DE5A29B69A7500AC8B9A /* AvatarLoadingViewTests.swift */ = {isa = PBXFileReference; lastKnownFileType = sourcecode.swift; path = AvatarLoadingViewTests.swift; sourceTree = "<group>"; };
		C529DE5D29B69ABF00AC8B9A /* AvatarViewCellTests.swift */ = {isa = PBXFileReference; lastKnownFileType = sourcecode.swift; path = AvatarViewCellTests.swift; sourceTree = "<group>"; };
		C529DE5F29B69AD800AC8B9A /* AvatarDataSourceTests.swift */ = {isa = PBXFileReference; lastKnownFileType = sourcecode.swift; path = AvatarDataSourceTests.swift; sourceTree = "<group>"; };
		C56BF31929A8F7DD00A95AB1 /* AvatarInformationView.swift */ = {isa = PBXFileReference; lastKnownFileType = sourcecode.swift; path = AvatarInformationView.swift; sourceTree = "<group>"; };
		C56BF31B29A8FC1A00A95AB1 /* Colors.swift */ = {isa = PBXFileReference; lastKnownFileType = sourcecode.swift; path = Colors.swift; sourceTree = "<group>"; };
		C56BF31D29A8FE7C00A95AB1 /* AvatarDetailView.swift */ = {isa = PBXFileReference; lastKnownFileType = sourcecode.swift; path = AvatarDetailView.swift; sourceTree = "<group>"; };
		C56BF32129A927C000A95AB1 /* AvatarListProtocol.swift */ = {isa = PBXFileReference; lastKnownFileType = sourcecode.swift; path = AvatarListProtocol.swift; sourceTree = "<group>"; };
		C56BF32429A9280800A95AB1 /* AvatarInformationViewModel.swift */ = {isa = PBXFileReference; lastKnownFileType = sourcecode.swift; path = AvatarInformationViewModel.swift; sourceTree = "<group>"; };
		C56BF32A29A934E300A95AB1 /* RickMortyTests.xctest */ = {isa = PBXFileReference; explicitFileType = wrapper.cfbundle; includeInIndex = 0; path = RickMortyTests.xctest; sourceTree = BUILT_PRODUCTS_DIR; };
		C56BF33529A9352300A95AB1 /* AvatarInformationViewTests.swift */ = {isa = PBXFileReference; lastKnownFileType = sourcecode.swift; path = AvatarInformationViewTests.swift; sourceTree = "<group>"; };
		C56BF33829A9359100A95AB1 /* AvatarInformationViewModel+Ext.swift */ = {isa = PBXFileReference; lastKnownFileType = sourcecode.swift; path = "AvatarInformationViewModel+Ext.swift"; sourceTree = "<group>"; };
		C56BF33A29A9587500A95AB1 /* AvatarDetailViewTests.swift */ = {isa = PBXFileReference; lastKnownFileType = sourcecode.swift; path = AvatarDetailViewTests.swift; sourceTree = "<group>"; };
		C56BF34029B61F1A00A95AB1 /* AvatarViewCell.swift */ = {isa = PBXFileReference; lastKnownFileType = sourcecode.swift; path = AvatarViewCell.swift; sourceTree = "<group>"; };
		C56BF34229B62D7100A95AB1 /* AvatarCellViewModel.swift */ = {isa = PBXFileReference; lastKnownFileType = sourcecode.swift; path = AvatarCellViewModel.swift; sourceTree = "<group>"; };
		C56BF34729B6334300A95AB1 /* GradientAnimationView.swift */ = {isa = PBXFileReference; lastKnownFileType = sourcecode.swift; path = GradientAnimationView.swift; sourceTree = "<group>"; };
		C58A768E29BA7A8500B84279 /* AvatarListViewController.swift */ = {isa = PBXFileReference; lastKnownFileType = sourcecode.swift; path = AvatarListViewController.swift; sourceTree = "<group>"; };
		C58A769129BBA06D00B84279 /* AvatarListRepository.swift */ = {isa = PBXFileReference; lastKnownFileType = sourcecode.swift; path = AvatarListRepository.swift; sourceTree = "<group>"; };
		C58A769329BBA07C00B84279 /* AvatarListService.swift */ = {isa = PBXFileReference; lastKnownFileType = sourcecode.swift; path = AvatarListService.swift; sourceTree = "<group>"; };
		C58A769529BBA21B00B84279 /* AvatarList.swift */ = {isa = PBXFileReference; lastKnownFileType = sourcecode.swift; path = AvatarList.swift; sourceTree = "<group>"; };
		C58A769729BF57F400B84279 /* AvatarListView.swift */ = {isa = PBXFileReference; lastKnownFileType = sourcecode.swift; path = AvatarListView.swift; sourceTree = "<group>"; };
		C58A769929BF615300B84279 /* UINavigationController+Ext.swift */ = {isa = PBXFileReference; lastKnownFileType = sourcecode.swift; path = "UINavigationController+Ext.swift"; sourceTree = "<group>"; };
		C58A769B29BF6BE600B84279 /* AvatarListPresenter.swift */ = {isa = PBXFileReference; lastKnownFileType = sourcecode.swift; path = AvatarListPresenter.swift; sourceTree = "<group>"; };
		C58A769D29BF734200B84279 /* UIImageView+Ext.swift */ = {isa = PBXFileReference; lastKnownFileType = sourcecode.swift; path = "UIImageView+Ext.swift"; sourceTree = "<group>"; };
		C58A769F29BFA67F00B84279 /* AvatarListCoordinator.swift */ = {isa = PBXFileReference; lastKnownFileType = sourcecode.swift; path = AvatarListCoordinator.swift; sourceTree = "<group>"; };
		C58A76A529D220A700B84279 /* AvatarCollectionViewTests.swift */ = {isa = PBXFileReference; lastKnownFileType = sourcecode.swift; path = AvatarCollectionViewTests.swift; sourceTree = "<group>"; };
		C58A76A729D4BA8C00B84279 /* AvatarHeaderReusableView.swift */ = {isa = PBXFileReference; lastKnownFileType = sourcecode.swift; path = AvatarHeaderReusableView.swift; sourceTree = "<group>"; };
		C58A76A929D5C4B200B84279 /* Array+Ext.swift */ = {isa = PBXFileReference; lastKnownFileType = sourcecode.swift; path = "Array+Ext.swift"; sourceTree = "<group>"; };
		C58A76AB29D5C71800B84279 /* AvatarDetailViewController.swift */ = {isa = PBXFileReference; lastKnownFileType = sourcecode.swift; path = AvatarDetailViewController.swift; sourceTree = "<group>"; };
		C58A76AD29D5CA1B00B84279 /* AvatarDetailProtocol.swift */ = {isa = PBXFileReference; lastKnownFileType = sourcecode.swift; path = AvatarDetailProtocol.swift; sourceTree = "<group>"; };
		C58A76AF29D5CB0200B84279 /* AvatarDetailPresenter.swift */ = {isa = PBXFileReference; lastKnownFileType = sourcecode.swift; path = AvatarDetailPresenter.swift; sourceTree = "<group>"; };
		C58A76B129D708ED00B84279 /* AvatarEmptyStateView.swift */ = {isa = PBXFileReference; lastKnownFileType = sourcecode.swift; path = AvatarEmptyStateView.swift; sourceTree = "<group>"; };
		C58A76F629D7739200B84279 /* AvatarSearchViewModel.swift */ = {isa = PBXFileReference; lastKnownFileType = sourcecode.swift; path = AvatarSearchViewModel.swift; sourceTree = "<group>"; };
		C58A76F829D775EC00B84279 /* AvatarSearchView.swift */ = {isa = PBXFileReference; lastKnownFileType = sourcecode.swift; path = AvatarSearchView.swift; sourceTree = "<group>"; };
		C58A76FC29DB5D8500B84279 /* AvatarSearchViewCell.swift */ = {isa = PBXFileReference; lastKnownFileType = sourcecode.swift; path = AvatarSearchViewCell.swift; sourceTree = "<group>"; };
		C58A76FE29DB6ECF00B84279 /* AvatarSearchDataSource.swift */ = {isa = PBXFileReference; lastKnownFileType = sourcecode.swift; path = AvatarSearchDataSource.swift; sourceTree = "<group>"; };
		C58A770029E4B2DF00B84279 /* AvatarIndicatorReusableView.swift */ = {isa = PBXFileReference; lastKnownFileType = sourcecode.swift; path = AvatarIndicatorReusableView.swift; sourceTree = "<group>"; };
		C58A770229E5AC7600B84279 /* AvatarSearchViewController.swift */ = {isa = PBXFileReference; lastKnownFileType = sourcecode.swift; path = AvatarSearchViewController.swift; sourceTree = "<group>"; };
		C58A770429E6004800B84279 /* AvatarSearchProtocol.swift */ = {isa = PBXFileReference; lastKnownFileType = sourcecode.swift; path = AvatarSearchProtocol.swift; sourceTree = "<group>"; };
		C58A770929E6E8B700B84279 /* AvatarSearchViewCellTests.swift */ = {isa = PBXFileReference; lastKnownFileType = sourcecode.swift; path = AvatarSearchViewCellTests.swift; sourceTree = "<group>"; };
		C58A770B29E7390000B84279 /* AvatarSearchPresenter.swift */ = {isa = PBXFileReference; lastKnownFileType = sourcecode.swift; path = AvatarSearchPresenter.swift; sourceTree = "<group>"; };
		C5B2E52129B77F0C00A6B2AD /* UIView+Ext.swift */ = {isa = PBXFileReference; lastKnownFileType = sourcecode.swift; path = "UIView+Ext.swift"; sourceTree = "<group>"; };
		C5D09B732996DC6C00294178 /* RickMorty.app */ = {isa = PBXFileReference; explicitFileType = wrapper.application; includeInIndex = 0; path = RickMorty.app; sourceTree = BUILT_PRODUCTS_DIR; };
		C5D09B762996DC6C00294178 /* AppDelegate.swift */ = {isa = PBXFileReference; lastKnownFileType = sourcecode.swift; path = AppDelegate.swift; sourceTree = "<group>"; };
		C5D09B782996DC6C00294178 /* SceneDelegate.swift */ = {isa = PBXFileReference; lastKnownFileType = sourcecode.swift; path = SceneDelegate.swift; sourceTree = "<group>"; };
		C5D09B7A2996DC6C00294178 /* ViewController.swift */ = {isa = PBXFileReference; lastKnownFileType = sourcecode.swift; path = ViewController.swift; sourceTree = "<group>"; };
		C5D09B7D2996DC6C00294178 /* Base */ = {isa = PBXFileReference; lastKnownFileType = file.storyboard; name = Base; path = Base.lproj/Main.storyboard; sourceTree = "<group>"; };
		C5D09B7F2996DC6E00294178 /* Assets.xcassets */ = {isa = PBXFileReference; lastKnownFileType = folder.assetcatalog; path = Assets.xcassets; sourceTree = "<group>"; };
		C5D09B822996DC6E00294178 /* Base */ = {isa = PBXFileReference; lastKnownFileType = file.storyboard; name = Base; path = Base.lproj/LaunchScreen.storyboard; sourceTree = "<group>"; };
		C5D09B842996DC6E00294178 /* Info.plist */ = {isa = PBXFileReference; lastKnownFileType = text.plist.xml; path = Info.plist; sourceTree = "<group>"; };
		C5D09B8F299AD7A000294178 /* LocalizableStrings.strings */ = {isa = PBXFileReference; lastKnownFileType = text.plist.strings; path = LocalizableStrings.strings; sourceTree = "<group>"; };
		C5D09B91299AD81F00294178 /* Strings.swift */ = {isa = PBXFileReference; lastKnownFileType = sourcecode.swift; path = Strings.swift; sourceTree = "<group>"; };
		C5D09B93299AD8B500294178 /* Assets.swift */ = {isa = PBXFileReference; lastKnownFileType = sourcecode.swift; path = Assets.swift; sourceTree = "<group>"; };
		CF330998C00537DE53D7FF74 /* Pods-RickMortyTests.debug.xcconfig */ = {isa = PBXFileReference; includeInIndex = 1; lastKnownFileType = text.xcconfig; name = "Pods-RickMortyTests.debug.xcconfig"; path = "Target Support Files/Pods-RickMortyTests/Pods-RickMortyTests.debug.xcconfig"; sourceTree = "<group>"; };
/* End PBXFileReference section */

/* Begin PBXFrameworksBuildPhase section */
		C56BF32729A934E300A95AB1 /* Frameworks */ = {
			isa = PBXFrameworksBuildPhase;
			buildActionMask = 2147483647;
			files = (
				3E28FF69C007EBF1D99396B9 /* Pods_RickMortyTests.framework in Frameworks */,
			);
			runOnlyForDeploymentPostprocessing = 0;
		};
		C5D09B702996DC6C00294178 /* Frameworks */ = {
			isa = PBXFrameworksBuildPhase;
			buildActionMask = 2147483647;
			files = (
				563242BB74E7F986120D5D67 /* Pods_RickMorty.framework in Frameworks */,
			);
			runOnlyForDeploymentPostprocessing = 0;
		};
/* End PBXFrameworksBuildPhase section */

/* Begin PBXGroup section */
		A90A5274A55543BC7A017FCF /* Frameworks */ = {
			isa = PBXGroup;
			children = (
				B2AFF926CAC4FF63B3CCFE14 /* Pods_RickMorty.framework */,
				451573F39A8F624B2085323A /* Pods_RickMortyTests.framework */,
			);
			name = Frameworks;
			sourceTree = "<group>";
		};
		C529DE4C29B6698100AC8B9A /* Views */ = {
			isa = PBXGroup;
			children = (
				C58A769729BF57F400B84279 /* AvatarListView.swift */,
				C529DE4D29B669A300AC8B9A /* AvatarCollectionView.swift */,
				C529DE4F29B66A3E00AC8B9A /* AvatarErrorView.swift */,
				C529DE5129B685B900AC8B9A /* AvatarLoadingView.swift */,
				C58A76B129D708ED00B84279 /* AvatarEmptyStateView.swift */,
			);
			path = Views;
			sourceTree = "<group>";
		};
		C529DE5329B699CD00AC8B9A /* AvatarList */ = {
			isa = PBXGroup;
			children = (
				C529DE5529B69A0500AC8B9A /* Views */,
				C529DE5429B699FD00AC8B9A /* AvatarCell */,
			);
			path = AvatarList;
			sourceTree = "<group>";
		};
		C529DE5429B699FD00AC8B9A /* AvatarCell */ = {
			isa = PBXGroup;
			children = (
				C529DE5C29B69AAB00AC8B9A /* Views */,
				C529DE5F29B69AD800AC8B9A /* AvatarDataSourceTests.swift */,
			);
			path = AvatarCell;
			sourceTree = "<group>";
		};
		C529DE5529B69A0500AC8B9A /* Views */ = {
			isa = PBXGroup;
			children = (
				C529DE5629B69A4400AC8B9A /* AvatarListViewTests.swift */,
				C529DE5829B69A5E00AC8B9A /* AvatarErrorViewTests.swift */,
				C529DE5A29B69A7500AC8B9A /* AvatarLoadingViewTests.swift */,
				C58A76A529D220A700B84279 /* AvatarCollectionViewTests.swift */,
			);
			path = Views;
			sourceTree = "<group>";
		};
		C529DE5C29B69AAB00AC8B9A /* Views */ = {
			isa = PBXGroup;
			children = (
				C529DE5D29B69ABF00AC8B9A /* AvatarViewCellTests.swift */,
			);
			path = Views;
			sourceTree = "<group>";
		};
		C56BF31729A8F72300A95AB1 /* AvatarDetail */ = {
			isa = PBXGroup;
			children = (
				C58A76AD29D5CA1B00B84279 /* AvatarDetailProtocol.swift */,
				C58A76AB29D5C71800B84279 /* AvatarDetailViewController.swift */,
				C56BF31829A8F74D00A95AB1 /* Views */,
				C58A76AF29D5CB0200B84279 /* AvatarDetailPresenter.swift */,
			);
			path = AvatarDetail;
			sourceTree = "<group>";
		};
		C56BF31829A8F74D00A95AB1 /* Views */ = {
			isa = PBXGroup;
			children = (
				C56BF32329A927F500A95AB1 /* ViewModels */,
				C56BF31D29A8FE7C00A95AB1 /* AvatarDetailView.swift */,
				C56BF31929A8F7DD00A95AB1 /* AvatarInformationView.swift */,
			);
			path = Views;
			sourceTree = "<group>";
		};
		C56BF32329A927F500A95AB1 /* ViewModels */ = {
			isa = PBXGroup;
			children = (
				C56BF32429A9280800A95AB1 /* AvatarInformationViewModel.swift */,
			);
			path = ViewModels;
			sourceTree = "<group>";
		};
		C56BF32B29A934E300A95AB1 /* RickMortyTests */ = {
			isa = PBXGroup;
			children = (
				C58A770629E6E87600B84279 /* AvatarSearch */,
				C529DE5329B699CD00AC8B9A /* AvatarList */,
				C56BF33329A934F800A95AB1 /* AvatarDetail */,
			);
			path = RickMortyTests;
			sourceTree = "<group>";
		};
		C56BF33329A934F800A95AB1 /* AvatarDetail */ = {
			isa = PBXGroup;
			children = (
				C56BF33729A9353700A95AB1 /* TestHelpers */,
				C56BF33429A9350400A95AB1 /* Views */,
			);
			path = AvatarDetail;
			sourceTree = "<group>";
		};
		C56BF33429A9350400A95AB1 /* Views */ = {
			isa = PBXGroup;
			children = (
				C56BF33529A9352300A95AB1 /* AvatarInformationViewTests.swift */,
				C56BF33A29A9587500A95AB1 /* AvatarDetailViewTests.swift */,
			);
			path = Views;
			sourceTree = "<group>";
		};
		C56BF33729A9353700A95AB1 /* TestHelpers */ = {
			isa = PBXGroup;
			children = (
				C56BF33829A9359100A95AB1 /* AvatarInformationViewModel+Ext.swift */,
			);
			path = TestHelpers;
			sourceTree = "<group>";
		};
		C56BF33C29B6174700A95AB1 /* AvatarList */ = {
			isa = PBXGroup;
			children = (
				C56BF32129A927C000A95AB1 /* AvatarListProtocol.swift */,
				C58A768E29BA7A8500B84279 /* AvatarListViewController.swift */,
				C58A769B29BF6BE600B84279 /* AvatarListPresenter.swift */,
				C58A769F29BFA67F00B84279 /* AvatarListCoordinator.swift */,
				C529DE4C29B6698100AC8B9A /* Views */,
				C56BF33D29B61EC400A95AB1 /* AvatarCell */,
			);
			path = AvatarList;
			sourceTree = "<group>";
		};
		C56BF33D29B61EC400A95AB1 /* AvatarCell */ = {
			isa = PBXGroup;
			children = (
				C529DE4829B64BEE00AC8B9A /* AvatarDataSource.swift */,
				C56BF33E29B61ED300A95AB1 /* Views */,
			);
			path = AvatarCell;
			sourceTree = "<group>";
		};
		C56BF33E29B61ED300A95AB1 /* Views */ = {
			isa = PBXGroup;
			children = (
				C56BF33F29B61EEA00A95AB1 /* ViewModels */,
				C56BF34029B61F1A00A95AB1 /* AvatarViewCell.swift */,
				C58A76A729D4BA8C00B84279 /* AvatarHeaderReusableView.swift */,
				C58A770029E4B2DF00B84279 /* AvatarIndicatorReusableView.swift */,
			);
			path = Views;
			sourceTree = "<group>";
		};
		C56BF33F29B61EEA00A95AB1 /* ViewModels */ = {
			isa = PBXGroup;
			children = (
				C56BF34229B62D7100A95AB1 /* AvatarCellViewModel.swift */,
			);
			path = ViewModels;
			sourceTree = "<group>";
		};
		C56BF34629B6330D00A95AB1 /* Animations */ = {
			isa = PBXGroup;
			children = (
				C56BF34729B6334300A95AB1 /* GradientAnimationView.swift */,
			);
			path = Animations;
			sourceTree = "<group>";
		};
		C58A769029BB9F8B00B84279 /* Service */ = {
			isa = PBXGroup;
			children = (
				C58A769129BBA06D00B84279 /* AvatarListRepository.swift */,
				C58A769329BBA07C00B84279 /* AvatarListService.swift */,
				C58A769529BBA21B00B84279 /* AvatarList.swift */,
			);
			path = Service;
			sourceTree = "<group>";
		};
		C58A76F329D7735C00B84279 /* AvatarSearch */ = {
			isa = PBXGroup;
			children = (
				C58A770B29E7390000B84279 /* AvatarSearchPresenter.swift */,
				C58A770229E5AC7600B84279 /* AvatarSearchViewController.swift */,
				C58A770429E6004800B84279 /* AvatarSearchProtocol.swift */,
				C58A770D29E7392000B84279 /* AvatarStatusCell */,
				C58A76F429D7736B00B84279 /* Views */,
			);
			path = AvatarSearch;
			sourceTree = "<group>";
		};
		C58A76F429D7736B00B84279 /* Views */ = {
			isa = PBXGroup;
			children = (
				C58A76F829D775EC00B84279 /* AvatarSearchView.swift */,
				C58A76F529D7737900B84279 /* ViewModels */,
			);
			path = Views;
			sourceTree = "<group>";
		};
		C58A76F529D7737900B84279 /* ViewModels */ = {
			isa = PBXGroup;
			children = (
				C58A76F629D7739200B84279 /* AvatarSearchViewModel.swift */,
			);
			path = ViewModels;
			sourceTree = "<group>";
		};
		C58A770629E6E87600B84279 /* AvatarSearch */ = {
			isa = PBXGroup;
			children = (
				C58A770729E6E89400B84279 /* Views */,
			);
			path = AvatarSearch;
			sourceTree = "<group>";
		};
		C58A770729E6E89400B84279 /* Views */ = {
			isa = PBXGroup;
			children = (
				C58A770929E6E8B700B84279 /* AvatarSearchViewCellTests.swift */,
			);
			path = Views;
			sourceTree = "<group>";
		};
		C58A770D29E7392000B84279 /* AvatarStatusCell */ = {
			isa = PBXGroup;
			children = (
				C58A76FE29DB6ECF00B84279 /* AvatarSearchDataSource.swift */,
				C58A770E29E7392E00B84279 /* Views */,
			);
			path = AvatarStatusCell;
			sourceTree = "<group>";
		};
		C58A770E29E7392E00B84279 /* Views */ = {
			isa = PBXGroup;
			children = (
				C58A76FC29DB5D8500B84279 /* AvatarSearchViewCell.swift */,
			);
			path = Views;
			sourceTree = "<group>";
		};
		C5B2E52029B77EFA00A6B2AD /* Extensions */ = {
			isa = PBXGroup;
			children = (
				C5B2E52129B77F0C00A6B2AD /* UIView+Ext.swift */,
				C58A769929BF615300B84279 /* UINavigationController+Ext.swift */,
				C58A769D29BF734200B84279 /* UIImageView+Ext.swift */,
				C58A76A929D5C4B200B84279 /* Array+Ext.swift */,
			);
			path = Extensions;
			sourceTree = "<group>";
		};
		C5D09B6A2996DC6C00294178 = {
			isa = PBXGroup;
			children = (
				C5D09B752996DC6C00294178 /* RickMorty */,
				C56BF32B29A934E300A95AB1 /* RickMortyTests */,
				C5D09B742996DC6C00294178 /* Products */,
				D677998DD6865A3BCA2D5C29 /* Pods */,
				A90A5274A55543BC7A017FCF /* Frameworks */,
			);
			sourceTree = "<group>";
		};
		C5D09B742996DC6C00294178 /* Products */ = {
			isa = PBXGroup;
			children = (
				C5D09B732996DC6C00294178 /* RickMorty.app */,
				C56BF32A29A934E300A95AB1 /* RickMortyTests.xctest */,
			);
			name = Products;
			sourceTree = "<group>";
		};
		C5D09B752996DC6C00294178 /* RickMorty */ = {
			isa = PBXGroup;
			children = (
				C58A76F329D7735C00B84279 /* AvatarSearch */,
				C58A769029BB9F8B00B84279 /* Service */,
				C56BF33C29B6174700A95AB1 /* AvatarList */,
				C56BF31729A8F72300A95AB1 /* AvatarDetail */,
				C5D09B8C299AD6F900294178 /* Helpers */,
				C5D09B762996DC6C00294178 /* AppDelegate.swift */,
				C5D09B782996DC6C00294178 /* SceneDelegate.swift */,
				C5D09B7A2996DC6C00294178 /* ViewController.swift */,
				C5D09B7C2996DC6C00294178 /* Main.storyboard */,
				C5D09B7F2996DC6E00294178 /* Assets.xcassets */,
				C5D09B812996DC6E00294178 /* LaunchScreen.storyboard */,
				C5D09B842996DC6E00294178 /* Info.plist */,
			);
			path = RickMorty;
			sourceTree = "<group>";
		};
		C5D09B8C299AD6F900294178 /* Helpers */ = {
			isa = PBXGroup;
			children = (
				C5B2E52029B77EFA00A6B2AD /* Extensions */,
				C56BF34629B6330D00A95AB1 /* Animations */,
				C5D09B8F299AD7A000294178 /* LocalizableStrings.strings */,
				C5D09B91299AD81F00294178 /* Strings.swift */,
				C5D09B93299AD8B500294178 /* Assets.swift */,
				C56BF31B29A8FC1A00A95AB1 /* Colors.swift */,
			);
			path = Helpers;
			sourceTree = "<group>";
		};
		D677998DD6865A3BCA2D5C29 /* Pods */ = {
			isa = PBXGroup;
			children = (
				453700C0DA8C4247323AEA70 /* Pods-RickMorty.debug.xcconfig */,
				8DFBBA2C88AF41B3EE0C30E3 /* Pods-RickMorty.release.xcconfig */,
				CF330998C00537DE53D7FF74 /* Pods-RickMortyTests.debug.xcconfig */,
				096E53BF13259EEA52DD1F89 /* Pods-RickMortyTests.release.xcconfig */,
			);
			path = Pods;
			sourceTree = "<group>";
		};
/* End PBXGroup section */

/* Begin PBXNativeTarget section */
		C56BF32929A934E300A95AB1 /* RickMortyTests */ = {
			isa = PBXNativeTarget;
			buildConfigurationList = C56BF33229A934E300A95AB1 /* Build configuration list for PBXNativeTarget "RickMortyTests" */;
			buildPhases = (
				27F12D5B1D601BACE685BCAB /* [CP] Check Pods Manifest.lock */,
				C56BF32629A934E300A95AB1 /* Sources */,
				C56BF32729A934E300A95AB1 /* Frameworks */,
				C56BF32829A934E300A95AB1 /* Resources */,
				A4A3213C715F1A6F4A7CEABA /* [CP] Embed Pods Frameworks */,
			);
			buildRules = (
			);
			dependencies = (
				C56BF32F29A934E300A95AB1 /* PBXTargetDependency */,
			);
			name = RickMortyTests;
			productName = RickMortyTests;
			productReference = C56BF32A29A934E300A95AB1 /* RickMortyTests.xctest */;
			productType = "com.apple.product-type.bundle.unit-test";
		};
		C5D09B722996DC6C00294178 /* RickMorty */ = {
			isa = PBXNativeTarget;
			buildConfigurationList = C5D09B872996DC6E00294178 /* Build configuration list for PBXNativeTarget "RickMorty" */;
			buildPhases = (
				83BCEAD1A5AB05C5E3A385DB /* [CP] Check Pods Manifest.lock */,
				C5D09B6F2996DC6C00294178 /* Sources */,
				C5D09B702996DC6C00294178 /* Frameworks */,
				C5D09B712996DC6C00294178 /* Resources */,
				C5D09B8A2996EA4900294178 /* SwiftLint */,
				919F2C826BA9D641392D985C /* [CP] Embed Pods Frameworks */,
			);
			buildRules = (
			);
			dependencies = (
			);
			name = RickMorty;
			productName = RickMorty;
			productReference = C5D09B732996DC6C00294178 /* RickMorty.app */;
			productType = "com.apple.product-type.application";
		};
/* End PBXNativeTarget section */

/* Begin PBXProject section */
		C5D09B6B2996DC6C00294178 /* Project object */ = {
			isa = PBXProject;
			attributes = {
				BuildIndependentTargetsInParallel = 1;
				LastSwiftUpdateCheck = 1420;
				LastUpgradeCheck = 1420;
				TargetAttributes = {
					C56BF32929A934E300A95AB1 = {
						CreatedOnToolsVersion = 14.2;
						TestTargetID = C5D09B722996DC6C00294178;
					};
					C5D09B722996DC6C00294178 = {
						CreatedOnToolsVersion = 14.2;
					};
				};
			};
			buildConfigurationList = C5D09B6E2996DC6C00294178 /* Build configuration list for PBXProject "RickMorty" */;
			compatibilityVersion = "Xcode 14.0";
			developmentRegion = en;
			hasScannedForEncodings = 0;
			knownRegions = (
				en,
				Base,
			);
			mainGroup = C5D09B6A2996DC6C00294178;
			productRefGroup = C5D09B742996DC6C00294178 /* Products */;
			projectDirPath = "";
			projectRoot = "";
			targets = (
				C5D09B722996DC6C00294178 /* RickMorty */,
				C56BF32929A934E300A95AB1 /* RickMortyTests */,
			);
		};
/* End PBXProject section */

/* Begin PBXResourcesBuildPhase section */
		C56BF32829A934E300A95AB1 /* Resources */ = {
			isa = PBXResourcesBuildPhase;
			buildActionMask = 2147483647;
			files = (
			);
			runOnlyForDeploymentPostprocessing = 0;
		};
		C5D09B712996DC6C00294178 /* Resources */ = {
			isa = PBXResourcesBuildPhase;
			buildActionMask = 2147483647;
			files = (
				C5D09B832996DC6E00294178 /* LaunchScreen.storyboard in Resources */,
				C5D09B802996DC6E00294178 /* Assets.xcassets in Resources */,
				C5D09B7E2996DC6C00294178 /* Main.storyboard in Resources */,
			);
			runOnlyForDeploymentPostprocessing = 0;
		};
/* End PBXResourcesBuildPhase section */

/* Begin PBXShellScriptBuildPhase section */
		27F12D5B1D601BACE685BCAB /* [CP] Check Pods Manifest.lock */ = {
			isa = PBXShellScriptBuildPhase;
			buildActionMask = 2147483647;
			files = (
			);
			inputFileListPaths = (
			);
			inputPaths = (
				"${PODS_PODFILE_DIR_PATH}/Podfile.lock",
				"${PODS_ROOT}/Manifest.lock",
			);
			name = "[CP] Check Pods Manifest.lock";
			outputFileListPaths = (
			);
			outputPaths = (
				"$(DERIVED_FILE_DIR)/Pods-RickMortyTests-checkManifestLockResult.txt",
			);
			runOnlyForDeploymentPostprocessing = 0;
			shellPath = /bin/sh;
			shellScript = "diff \"${PODS_PODFILE_DIR_PATH}/Podfile.lock\" \"${PODS_ROOT}/Manifest.lock\" > /dev/null\nif [ $? != 0 ] ; then\n    # print error to STDERR\n    echo \"error: The sandbox is not in sync with the Podfile.lock. Run 'pod install' or update your CocoaPods installation.\" >&2\n    exit 1\nfi\n# This output is used by Xcode 'outputs' to avoid re-running this script phase.\necho \"SUCCESS\" > \"${SCRIPT_OUTPUT_FILE_0}\"\n";
			showEnvVarsInLog = 0;
		};
		83BCEAD1A5AB05C5E3A385DB /* [CP] Check Pods Manifest.lock */ = {
			isa = PBXShellScriptBuildPhase;
			buildActionMask = 2147483647;
			files = (
			);
			inputFileListPaths = (
			);
			inputPaths = (
				"${PODS_PODFILE_DIR_PATH}/Podfile.lock",
				"${PODS_ROOT}/Manifest.lock",
			);
			name = "[CP] Check Pods Manifest.lock";
			outputFileListPaths = (
			);
			outputPaths = (
				"$(DERIVED_FILE_DIR)/Pods-RickMorty-checkManifestLockResult.txt",
			);
			runOnlyForDeploymentPostprocessing = 0;
			shellPath = /bin/sh;
			shellScript = "diff \"${PODS_PODFILE_DIR_PATH}/Podfile.lock\" \"${PODS_ROOT}/Manifest.lock\" > /dev/null\nif [ $? != 0 ] ; then\n    # print error to STDERR\n    echo \"error: The sandbox is not in sync with the Podfile.lock. Run 'pod install' or update your CocoaPods installation.\" >&2\n    exit 1\nfi\n# This output is used by Xcode 'outputs' to avoid re-running this script phase.\necho \"SUCCESS\" > \"${SCRIPT_OUTPUT_FILE_0}\"\n";
			showEnvVarsInLog = 0;
		};
		919F2C826BA9D641392D985C /* [CP] Embed Pods Frameworks */ = {
			isa = PBXShellScriptBuildPhase;
			buildActionMask = 2147483647;
			files = (
			);
			inputFileListPaths = (
				"${PODS_ROOT}/Target Support Files/Pods-RickMorty/Pods-RickMorty-frameworks-${CONFIGURATION}-input-files.xcfilelist",
			);
			name = "[CP] Embed Pods Frameworks";
			outputFileListPaths = (
				"${PODS_ROOT}/Target Support Files/Pods-RickMorty/Pods-RickMorty-frameworks-${CONFIGURATION}-output-files.xcfilelist",
			);
			runOnlyForDeploymentPostprocessing = 0;
			shellPath = /bin/sh;
			shellScript = "\"${PODS_ROOT}/Target Support Files/Pods-RickMorty/Pods-RickMorty-frameworks.sh\"\n";
			showEnvVarsInLog = 0;
		};
		A4A3213C715F1A6F4A7CEABA /* [CP] Embed Pods Frameworks */ = {
			isa = PBXShellScriptBuildPhase;
			buildActionMask = 2147483647;
			files = (
			);
			inputFileListPaths = (
				"${PODS_ROOT}/Target Support Files/Pods-RickMortyTests/Pods-RickMortyTests-frameworks-${CONFIGURATION}-input-files.xcfilelist",
			);
			name = "[CP] Embed Pods Frameworks";
			outputFileListPaths = (
				"${PODS_ROOT}/Target Support Files/Pods-RickMortyTests/Pods-RickMortyTests-frameworks-${CONFIGURATION}-output-files.xcfilelist",
			);
			runOnlyForDeploymentPostprocessing = 0;
			shellPath = /bin/sh;
			shellScript = "\"${PODS_ROOT}/Target Support Files/Pods-RickMortyTests/Pods-RickMortyTests-frameworks.sh\"\n";
			showEnvVarsInLog = 0;
		};
		C5D09B8A2996EA4900294178 /* SwiftLint */ = {
			isa = PBXShellScriptBuildPhase;
			buildActionMask = 12;
			files = (
			);
			inputFileListPaths = (
			);
			inputPaths = (
			);
			name = SwiftLint;
			outputFileListPaths = (
			);
			outputPaths = (
			);
			runOnlyForDeploymentPostprocessing = 0;
			shellPath = /bin/sh;
			shellScript = "export PATH=\"$PATH:/opt/homebrew/bin\"\nif which swiftlint > /dev/null; then\n  swiftlint\nelse\n  echo \"warning: SwiftLint not installed, download from https://github.com/realm/SwiftLint\"\nfi\n";
		};
/* End PBXShellScriptBuildPhase section */

/* Begin PBXSourcesBuildPhase section */
		C56BF32629A934E300A95AB1 /* Sources */ = {
			isa = PBXSourcesBuildPhase;
			buildActionMask = 2147483647;
			files = (
				C56BF33629A9352300A95AB1 /* AvatarInformationViewTests.swift in Sources */,
				C58A76A629D220A700B84279 /* AvatarCollectionViewTests.swift in Sources */,
				C529DE5729B69A4400AC8B9A /* AvatarListViewTests.swift in Sources */,
				C529DE5E29B69ABF00AC8B9A /* AvatarViewCellTests.swift in Sources */,
				C529DE6029B69AD800AC8B9A /* AvatarDataSourceTests.swift in Sources */,
				C56BF33929A9359100A95AB1 /* AvatarInformationViewModel+Ext.swift in Sources */,
				C529DE5929B69A5E00AC8B9A /* AvatarErrorViewTests.swift in Sources */,
				C529DE5B29B69A7500AC8B9A /* AvatarLoadingViewTests.swift in Sources */,
				C56BF33B29A9587500A95AB1 /* AvatarDetailViewTests.swift in Sources */,
				C58A770A29E6E8B700B84279 /* AvatarSearchViewCellTests.swift in Sources */,
			);
			runOnlyForDeploymentPostprocessing = 0;
		};
		C5D09B6F2996DC6C00294178 /* Sources */ = {
			isa = PBXSourcesBuildPhase;
			buildActionMask = 2147483647;
			files = (
				C5D09B7B2996DC6C00294178 /* ViewController.swift in Sources */,
				C58A769229BBA06D00B84279 /* AvatarListRepository.swift in Sources */,
				C58A768F29BA7A8500B84279 /* AvatarListViewController.swift in Sources */,
				C56BF34829B6334300A95AB1 /* GradientAnimationView.swift in Sources */,
				C56BF32529A9280800A95AB1 /* AvatarInformationViewModel.swift in Sources */,
				C58A769829BF57F400B84279 /* AvatarListView.swift in Sources */,
				C58A76FD29DB5D8500B84279 /* AvatarSearchViewCell.swift in Sources */,
				C58A769A29BF615300B84279 /* UINavigationController+Ext.swift in Sources */,
				C56BF32229A927C000A95AB1 /* AvatarListProtocol.swift in Sources */,
				C529DE4E29B669A300AC8B9A /* AvatarCollectionView.swift in Sources */,
				C58A769C29BF6BE600B84279 /* AvatarListPresenter.swift in Sources */,
				C529DE5229B685B900AC8B9A /* AvatarLoadingView.swift in Sources */,
				C58A770129E4B2DF00B84279 /* AvatarIndicatorReusableView.swift in Sources */,
				C58A76B029D5CB0200B84279 /* AvatarDetailPresenter.swift in Sources */,
				C58A76AC29D5C71800B84279 /* AvatarDetailViewController.swift in Sources */,
				C56BF31C29A8FC1A00A95AB1 /* Colors.swift in Sources */,
				C5D09B772996DC6C00294178 /* AppDelegate.swift in Sources */,
				C56BF34129B61F1B00A95AB1 /* AvatarViewCell.swift in Sources */,
				C58A769629BBA21B00B84279 /* AvatarList.swift in Sources */,
				C56BF34329B62D7200A95AB1 /* AvatarCellViewModel.swift in Sources */,
				C58A76A829D4BA8C00B84279 /* AvatarHeaderReusableView.swift in Sources */,
				C58A76B229D708ED00B84279 /* AvatarEmptyStateView.swift in Sources */,
				C58A769429BBA07C00B84279 /* AvatarListService.swift in Sources */,
				C58A76F729D7739200B84279 /* AvatarSearchViewModel.swift in Sources */,
				C58A76A029BFA67F00B84279 /* AvatarListCoordinator.swift in Sources */,
				C5B2E52229B77F0C00A6B2AD /* UIView+Ext.swift in Sources */,
				C529DE5029B66A3E00AC8B9A /* AvatarErrorView.swift in Sources */,
				C5D09B94299AD8B500294178 /* Assets.swift in Sources */,
				C5D09B92299AD81F00294178 /* Strings.swift in Sources */,
				C58A769E29BF734200B84279 /* UIImageView+Ext.swift in Sources */,
				C58A770529E6004800B84279 /* AvatarSearchProtocol.swift in Sources */,
				C58A76AE29D5CA1B00B84279 /* AvatarDetailProtocol.swift in Sources */,
				C5D09B792996DC6C00294178 /* SceneDelegate.swift in Sources */,
				C58A76FF29DB6ECF00B84279 /* AvatarSearchDataSource.swift in Sources */,
				C529DE4929B64BEE00AC8B9A /* AvatarDataSource.swift in Sources */,
				C5D09B90299AD7A000294178 /* LocalizableStrings.strings in Sources */,
				C58A76AA29D5C4B200B84279 /* Array+Ext.swift in Sources */,
				C58A76F929D775EC00B84279 /* AvatarSearchView.swift in Sources */,
				C56BF31A29A8F7DD00A95AB1 /* AvatarInformationView.swift in Sources */,
				C58A770C29E7390000B84279 /* AvatarSearchPresenter.swift in Sources */,
				C58A770329E5AC7600B84279 /* AvatarSearchViewController.swift in Sources */,
				C56BF31E29A8FE7C00A95AB1 /* AvatarDetailView.swift in Sources */,
			);
			runOnlyForDeploymentPostprocessing = 0;
		};
/* End PBXSourcesBuildPhase section */

/* Begin PBXTargetDependency section */
		C56BF32F29A934E300A95AB1 /* PBXTargetDependency */ = {
			isa = PBXTargetDependency;
			target = C5D09B722996DC6C00294178 /* RickMorty */;
			targetProxy = C56BF32E29A934E300A95AB1 /* PBXContainerItemProxy */;
		};
/* End PBXTargetDependency section */

/* Begin PBXVariantGroup section */
		C5D09B7C2996DC6C00294178 /* Main.storyboard */ = {
			isa = PBXVariantGroup;
			children = (
				C5D09B7D2996DC6C00294178 /* Base */,
			);
			name = Main.storyboard;
			sourceTree = "<group>";
		};
		C5D09B812996DC6E00294178 /* LaunchScreen.storyboard */ = {
			isa = PBXVariantGroup;
			children = (
				C5D09B822996DC6E00294178 /* Base */,
			);
			name = LaunchScreen.storyboard;
			sourceTree = "<group>";
		};
/* End PBXVariantGroup section */

/* Begin XCBuildConfiguration section */
		C56BF33029A934E300A95AB1 /* Debug */ = {
			isa = XCBuildConfiguration;
			baseConfigurationReference = CF330998C00537DE53D7FF74 /* Pods-RickMortyTests.debug.xcconfig */;
			buildSettings = {
				BUNDLE_LOADER = "$(TEST_HOST)";
				CODE_SIGN_STYLE = Automatic;
				CURRENT_PROJECT_VERSION = 1;
				DEVELOPMENT_TEAM = N37W993B25;
				GENERATE_INFOPLIST_FILE = YES;
				MARKETING_VERSION = 1.0;
				PRODUCT_BUNDLE_IDENTIFIER = com.paolaciarcia.RickMortyTests;
				PRODUCT_NAME = "$(TARGET_NAME)";
				SWIFT_EMIT_LOC_STRINGS = NO;
				SWIFT_VERSION = 5.0;
				TARGETED_DEVICE_FAMILY = "1,2";
				TEST_HOST = "$(BUILT_PRODUCTS_DIR)/RickMorty.app/$(BUNDLE_EXECUTABLE_FOLDER_PATH)/RickMorty";
			};
			name = Debug;
		};
		C56BF33129A934E300A95AB1 /* Release */ = {
			isa = XCBuildConfiguration;
			baseConfigurationReference = 096E53BF13259EEA52DD1F89 /* Pods-RickMortyTests.release.xcconfig */;
			buildSettings = {
				BUNDLE_LOADER = "$(TEST_HOST)";
				CODE_SIGN_STYLE = Automatic;
				CURRENT_PROJECT_VERSION = 1;
				DEVELOPMENT_TEAM = N37W993B25;
				GENERATE_INFOPLIST_FILE = YES;
				MARKETING_VERSION = 1.0;
				PRODUCT_BUNDLE_IDENTIFIER = com.paolaciarcia.RickMortyTests;
				PRODUCT_NAME = "$(TARGET_NAME)";
				SWIFT_EMIT_LOC_STRINGS = NO;
				SWIFT_VERSION = 5.0;
				TARGETED_DEVICE_FAMILY = "1,2";
				TEST_HOST = "$(BUILT_PRODUCTS_DIR)/RickMorty.app/$(BUNDLE_EXECUTABLE_FOLDER_PATH)/RickMorty";
			};
			name = Release;
		};
		C5D09B852996DC6E00294178 /* Debug */ = {
			isa = XCBuildConfiguration;
			buildSettings = {
				ALWAYS_SEARCH_USER_PATHS = NO;
				CLANG_ANALYZER_NONNULL = YES;
				CLANG_ANALYZER_NUMBER_OBJECT_CONVERSION = YES_AGGRESSIVE;
				CLANG_CXX_LANGUAGE_STANDARD = "gnu++20";
				CLANG_ENABLE_MODULES = YES;
				CLANG_ENABLE_OBJC_ARC = YES;
				CLANG_ENABLE_OBJC_WEAK = YES;
				CLANG_WARN_BLOCK_CAPTURE_AUTORELEASING = YES;
				CLANG_WARN_BOOL_CONVERSION = YES;
				CLANG_WARN_COMMA = YES;
				CLANG_WARN_CONSTANT_CONVERSION = YES;
				CLANG_WARN_DEPRECATED_OBJC_IMPLEMENTATIONS = YES;
				CLANG_WARN_DIRECT_OBJC_ISA_USAGE = YES_ERROR;
				CLANG_WARN_DOCUMENTATION_COMMENTS = YES;
				CLANG_WARN_EMPTY_BODY = YES;
				CLANG_WARN_ENUM_CONVERSION = YES;
				CLANG_WARN_INFINITE_RECURSION = YES;
				CLANG_WARN_INT_CONVERSION = YES;
				CLANG_WARN_NON_LITERAL_NULL_CONVERSION = YES;
				CLANG_WARN_OBJC_IMPLICIT_RETAIN_SELF = YES;
				CLANG_WARN_OBJC_LITERAL_CONVERSION = YES;
				CLANG_WARN_OBJC_ROOT_CLASS = YES_ERROR;
				CLANG_WARN_QUOTED_INCLUDE_IN_FRAMEWORK_HEADER = YES;
				CLANG_WARN_RANGE_LOOP_ANALYSIS = YES;
				CLANG_WARN_STRICT_PROTOTYPES = YES;
				CLANG_WARN_SUSPICIOUS_MOVE = YES;
				CLANG_WARN_UNGUARDED_AVAILABILITY = YES_AGGRESSIVE;
				CLANG_WARN_UNREACHABLE_CODE = YES;
				CLANG_WARN__DUPLICATE_METHOD_MATCH = YES;
				COPY_PHASE_STRIP = NO;
				DEBUG_INFORMATION_FORMAT = dwarf;
				ENABLE_STRICT_OBJC_MSGSEND = YES;
				ENABLE_TESTABILITY = YES;
				GCC_C_LANGUAGE_STANDARD = gnu11;
				GCC_DYNAMIC_NO_PIC = NO;
				GCC_NO_COMMON_BLOCKS = YES;
				GCC_OPTIMIZATION_LEVEL = 0;
				GCC_PREPROCESSOR_DEFINITIONS = (
					"DEBUG=1",
					"$(inherited)",
				);
				GCC_WARN_64_TO_32_BIT_CONVERSION = YES;
				GCC_WARN_ABOUT_RETURN_TYPE = YES_ERROR;
				GCC_WARN_UNDECLARED_SELECTOR = YES;
				GCC_WARN_UNINITIALIZED_AUTOS = YES_AGGRESSIVE;
				GCC_WARN_UNUSED_FUNCTION = YES;
				GCC_WARN_UNUSED_VARIABLE = YES;
				IPHONEOS_DEPLOYMENT_TARGET = 16.2;
				MTL_ENABLE_DEBUG_INFO = INCLUDE_SOURCE;
				MTL_FAST_MATH = YES;
				ONLY_ACTIVE_ARCH = YES;
				SDKROOT = iphoneos;
				SWIFT_ACTIVE_COMPILATION_CONDITIONS = DEBUG;
				SWIFT_OPTIMIZATION_LEVEL = "-Onone";
			};
			name = Debug;
		};
		C5D09B862996DC6E00294178 /* Release */ = {
			isa = XCBuildConfiguration;
			buildSettings = {
				ALWAYS_SEARCH_USER_PATHS = NO;
				CLANG_ANALYZER_NONNULL = YES;
				CLANG_ANALYZER_NUMBER_OBJECT_CONVERSION = YES_AGGRESSIVE;
				CLANG_CXX_LANGUAGE_STANDARD = "gnu++20";
				CLANG_ENABLE_MODULES = YES;
				CLANG_ENABLE_OBJC_ARC = YES;
				CLANG_ENABLE_OBJC_WEAK = YES;
				CLANG_WARN_BLOCK_CAPTURE_AUTORELEASING = YES;
				CLANG_WARN_BOOL_CONVERSION = YES;
				CLANG_WARN_COMMA = YES;
				CLANG_WARN_CONSTANT_CONVERSION = YES;
				CLANG_WARN_DEPRECATED_OBJC_IMPLEMENTATIONS = YES;
				CLANG_WARN_DIRECT_OBJC_ISA_USAGE = YES_ERROR;
				CLANG_WARN_DOCUMENTATION_COMMENTS = YES;
				CLANG_WARN_EMPTY_BODY = YES;
				CLANG_WARN_ENUM_CONVERSION = YES;
				CLANG_WARN_INFINITE_RECURSION = YES;
				CLANG_WARN_INT_CONVERSION = YES;
				CLANG_WARN_NON_LITERAL_NULL_CONVERSION = YES;
				CLANG_WARN_OBJC_IMPLICIT_RETAIN_SELF = YES;
				CLANG_WARN_OBJC_LITERAL_CONVERSION = YES;
				CLANG_WARN_OBJC_ROOT_CLASS = YES_ERROR;
				CLANG_WARN_QUOTED_INCLUDE_IN_FRAMEWORK_HEADER = YES;
				CLANG_WARN_RANGE_LOOP_ANALYSIS = YES;
				CLANG_WARN_STRICT_PROTOTYPES = YES;
				CLANG_WARN_SUSPICIOUS_MOVE = YES;
				CLANG_WARN_UNGUARDED_AVAILABILITY = YES_AGGRESSIVE;
				CLANG_WARN_UNREACHABLE_CODE = YES;
				CLANG_WARN__DUPLICATE_METHOD_MATCH = YES;
				COPY_PHASE_STRIP = NO;
				DEBUG_INFORMATION_FORMAT = "dwarf-with-dsym";
				ENABLE_NS_ASSERTIONS = NO;
				ENABLE_STRICT_OBJC_MSGSEND = YES;
				GCC_C_LANGUAGE_STANDARD = gnu11;
				GCC_NO_COMMON_BLOCKS = YES;
				GCC_WARN_64_TO_32_BIT_CONVERSION = YES;
				GCC_WARN_ABOUT_RETURN_TYPE = YES_ERROR;
				GCC_WARN_UNDECLARED_SELECTOR = YES;
				GCC_WARN_UNINITIALIZED_AUTOS = YES_AGGRESSIVE;
				GCC_WARN_UNUSED_FUNCTION = YES;
				GCC_WARN_UNUSED_VARIABLE = YES;
				IPHONEOS_DEPLOYMENT_TARGET = 16.2;
				MTL_ENABLE_DEBUG_INFO = NO;
				MTL_FAST_MATH = YES;
				SDKROOT = iphoneos;
				SWIFT_COMPILATION_MODE = wholemodule;
				SWIFT_OPTIMIZATION_LEVEL = "-O";
				VALIDATE_PRODUCT = YES;
			};
			name = Release;
		};
		C5D09B882996DC6E00294178 /* Debug */ = {
			isa = XCBuildConfiguration;
			baseConfigurationReference = 453700C0DA8C4247323AEA70 /* Pods-RickMorty.debug.xcconfig */;
			buildSettings = {
				ASSETCATALOG_COMPILER_APPICON_NAME = AppIcon;
				ASSETCATALOG_COMPILER_GLOBAL_ACCENT_COLOR_NAME = AccentColor;
				CODE_SIGN_STYLE = Automatic;
				CURRENT_PROJECT_VERSION = 1;
				DEVELOPMENT_TEAM = N37W993B25;
				GENERATE_INFOPLIST_FILE = YES;
				INFOPLIST_FILE = RickMorty/Info.plist;
				INFOPLIST_KEY_UIApplicationSupportsIndirectInputEvents = YES;
				INFOPLIST_KEY_UILaunchStoryboardName = v;
				INFOPLIST_KEY_UIMainStoryboardFile = Main;
				INFOPLIST_KEY_UISupportedInterfaceOrientations_iPad = "UIInterfaceOrientationPortrait UIInterfaceOrientationPortraitUpsideDown UIInterfaceOrientationLandscapeLeft UIInterfaceOrientationLandscapeRight";
				INFOPLIST_KEY_UISupportedInterfaceOrientations_iPhone = "UIInterfaceOrientationPortrait UIInterfaceOrientationLandscapeLeft UIInterfaceOrientationLandscapeRight";
				INFOPLIST_KEY_UIUserInterfaceStyle = Dark;
				IPHONEOS_DEPLOYMENT_TARGET = 16.2;
				LD_RUNPATH_SEARCH_PATHS = (
					"$(inherited)",
					"@executable_path/Frameworks",
				);
				MARKETING_VERSION = 1.0;
				PRODUCT_BUNDLE_IDENTIFIER = com.paolaciarcia.RickMorty;
				PRODUCT_NAME = "$(TARGET_NAME)";
				SWIFT_EMIT_LOC_STRINGS = YES;
				SWIFT_VERSION = 5.0;
				TARGETED_DEVICE_FAMILY = "1,2";
			};
			name = Debug;
		};
		C5D09B892996DC6E00294178 /* Release */ = {
			isa = XCBuildConfiguration;
			baseConfigurationReference = 8DFBBA2C88AF41B3EE0C30E3 /* Pods-RickMorty.release.xcconfig */;
			buildSettings = {
				ASSETCATALOG_COMPILER_APPICON_NAME = AppIcon;
				ASSETCATALOG_COMPILER_GLOBAL_ACCENT_COLOR_NAME = AccentColor;
				CODE_SIGN_STYLE = Automatic;
				CURRENT_PROJECT_VERSION = 1;
				DEVELOPMENT_TEAM = N37W993B25;
				GENERATE_INFOPLIST_FILE = YES;
				INFOPLIST_FILE = RickMorty/Info.plist;
				INFOPLIST_KEY_UIApplicationSupportsIndirectInputEvents = YES;
				INFOPLIST_KEY_UILaunchStoryboardName = v;
				INFOPLIST_KEY_UIMainStoryboardFile = Main;
				INFOPLIST_KEY_UISupportedInterfaceOrientations_iPad = "UIInterfaceOrientationPortrait UIInterfaceOrientationPortraitUpsideDown UIInterfaceOrientationLandscapeLeft UIInterfaceOrientationLandscapeRight";
				INFOPLIST_KEY_UISupportedInterfaceOrientations_iPhone = "UIInterfaceOrientationPortrait UIInterfaceOrientationLandscapeLeft UIInterfaceOrientationLandscapeRight";
				INFOPLIST_KEY_UIUserInterfaceStyle = Dark;
				IPHONEOS_DEPLOYMENT_TARGET = 16.2;
				LD_RUNPATH_SEARCH_PATHS = (
					"$(inherited)",
					"@executable_path/Frameworks",
				);
				MARKETING_VERSION = 1.0;
				PRODUCT_BUNDLE_IDENTIFIER = com.paolaciarcia.RickMorty;
				PRODUCT_NAME = "$(TARGET_NAME)";
				SWIFT_EMIT_LOC_STRINGS = YES;
				SWIFT_VERSION = 5.0;
				TARGETED_DEVICE_FAMILY = "1,2";
			};
			name = Release;
		};
/* End XCBuildConfiguration section */

/* Begin XCConfigurationList section */
		C56BF33229A934E300A95AB1 /* Build configuration list for PBXNativeTarget "RickMortyTests" */ = {
			isa = XCConfigurationList;
			buildConfigurations = (
				C56BF33029A934E300A95AB1 /* Debug */,
				C56BF33129A934E300A95AB1 /* Release */,
			);
			defaultConfigurationIsVisible = 0;
			defaultConfigurationName = Release;
		};
		C5D09B6E2996DC6C00294178 /* Build configuration list for PBXProject "RickMorty" */ = {
			isa = XCConfigurationList;
			buildConfigurations = (
				C5D09B852996DC6E00294178 /* Debug */,
				C5D09B862996DC6E00294178 /* Release */,
			);
			defaultConfigurationIsVisible = 0;
			defaultConfigurationName = Release;
		};
		C5D09B872996DC6E00294178 /* Build configuration list for PBXNativeTarget "RickMorty" */ = {
			isa = XCConfigurationList;
			buildConfigurations = (
				C5D09B882996DC6E00294178 /* Debug */,
				C5D09B892996DC6E00294178 /* Release */,
			);
			defaultConfigurationIsVisible = 0;
			defaultConfigurationName = Release;
		};
/* End XCConfigurationList section */
	};
	rootObject = C5D09B6B2996DC6C00294178 /* Project object */;
}
